// !$*UTF8*$!
{
	archiveVersion = 1;
	classes = {
	};
	objectVersion = 51;
	objects = {

/* Begin PBXBuildFile section */
		0A78DA9B5CC8F0B969446D73 /* Pods_heal_your_heartTests.framework in Frameworks */ = {isa = PBXBuildFile; fileRef = 0F87E00B81660CAA48D1B0ED /* Pods_heal_your_heartTests.framework */; };
		5FDFD6AA46FF491212C7ABE0 /* Pods_heal_your_heart.framework in Frameworks */ = {isa = PBXBuildFile; fileRef = 68CBF3FD969456B8A088E7E6 /* Pods_heal_your_heart.framework */; };
		954D2F092524283100405DEC /* TimelineViewController.swift in Sources */ = {isa = PBXBuildFile; fileRef = 954D2F082524283100405DEC /* TimelineViewController.swift */; };
		954D2F2425243E0200405DEC /* SearchViewController.swift in Sources */ = {isa = PBXBuildFile; fileRef = 954D2F2325243E0200405DEC /* SearchViewController.swift */; };
		954D2F2925243E1700405DEC /* NotificationViewController.swift in Sources */ = {isa = PBXBuildFile; fileRef = 954D2F2825243E1700405DEC /* NotificationViewController.swift */; };
		954D2F372524441B00405DEC /* Extensions.swift in Sources */ = {isa = PBXBuildFile; fileRef = 954D2F362524441B00405DEC /* Extensions.swift */; };
		95A285FC25287971003FBE46 /* LoginViewController.swift in Sources */ = {isa = PBXBuildFile; fileRef = 95A285FB25287971003FBE46 /* LoginViewController.swift */; };
		95A286012528797C003FBE46 /* RegisterViewController.swift in Sources */ = {isa = PBXBuildFile; fileRef = 95A286002528797C003FBE46 /* RegisterViewController.swift */; };
		95C6BC5325242340008B28AD /* AppDelegate.swift in Sources */ = {isa = PBXBuildFile; fileRef = 95C6BC5225242340008B28AD /* AppDelegate.swift */; };
		95C6BC5525242340008B28AD /* SceneDelegate.swift in Sources */ = {isa = PBXBuildFile; fileRef = 95C6BC5425242340008B28AD /* SceneDelegate.swift */; };
		95C6BC5A25242340008B28AD /* Main.storyboard in Resources */ = {isa = PBXBuildFile; fileRef = 95C6BC5825242340008B28AD /* Main.storyboard */; };
		95C6BC5C25242343008B28AD /* Assets.xcassets in Resources */ = {isa = PBXBuildFile; fileRef = 95C6BC5B25242343008B28AD /* Assets.xcassets */; };
		95C6BC5F25242343008B28AD /* LaunchScreen.storyboard in Resources */ = {isa = PBXBuildFile; fileRef = 95C6BC5D25242343008B28AD /* LaunchScreen.storyboard */; };
		95C6BC6A25242343008B28AD /* heal_your_heartTests.swift in Sources */ = {isa = PBXBuildFile; fileRef = 95C6BC6925242343008B28AD /* heal_your_heartTests.swift */; };
		95C6BC7525242343008B28AD /* heal_your_heartUITests.swift in Sources */ = {isa = PBXBuildFile; fileRef = 95C6BC7425242343008B28AD /* heal_your_heartUITests.swift */; };
		95C6BCA1252424F8008B28AD /* SettingsViewController.swift in Sources */ = {isa = PBXBuildFile; fileRef = 95C6BCA0252424F8008B28AD /* SettingsViewController.swift */; };
		95C6BCAA2524251A008B28AD /* PostViewController.swift in Sources */ = {isa = PBXBuildFile; fileRef = 95C6BCA92524251A008B28AD /* PostViewController.swift */; };
		95D377F72526026E00D22385 /* PostTableViewCell.swift in Sources */ = {isa = PBXBuildFile; fileRef = 95D377F52526026E00D22385 /* PostTableViewCell.swift */; };
		95D377F82526026E00D22385 /* PostTableViewCell.xib in Resources */ = {isa = PBXBuildFile; fileRef = 95D377F62526026E00D22385 /* PostTableViewCell.xib */; };
		95D377FD2526E85800D22385 /* PostDetailViewController.swift in Sources */ = {isa = PBXBuildFile; fileRef = 95D377FC2526E85800D22385 /* PostDetailViewController.swift */; };
		95D378062526EB2300D22385 /* Post.swift in Sources */ = {isa = PBXBuildFile; fileRef = 95D378052526EB2300D22385 /* Post.swift */; };
		95F9960D25273949008FA3E5 /* Comment.swift in Sources */ = {isa = PBXBuildFile; fileRef = 95F9960C25273949008FA3E5 /* Comment.swift */; };
		95F9961325273C27008FA3E5 /* NotificationTableViewCell.swift in Sources */ = {isa = PBXBuildFile; fileRef = 95F9961125273C27008FA3E5 /* NotificationTableViewCell.swift */; };
		95F9961425273C27008FA3E5 /* NotificationTableViewCell.xib in Resources */ = {isa = PBXBuildFile; fileRef = 95F9961225273C27008FA3E5 /* NotificationTableViewCell.xib */; };
		95FE247C2526F36E00061EBA /* PostDetailTableViewCell.swift in Sources */ = {isa = PBXBuildFile; fileRef = 95FE247A2526F36E00061EBA /* PostDetailTableViewCell.swift */; };
		95FE247D2526F36E00061EBA /* PostDetailTableViewCell.xib in Resources */ = {isa = PBXBuildFile; fileRef = 95FE247B2526F36E00061EBA /* PostDetailTableViewCell.xib */; };
		95FE2483252700DA00061EBA /* CommentTableViewCell.swift in Sources */ = {isa = PBXBuildFile; fileRef = 95FE2481252700DA00061EBA /* CommentTableViewCell.swift */; };
		95FE2484252700DA00061EBA /* CommentTableViewCell.xib in Resources */ = {isa = PBXBuildFile; fileRef = 95FE2482252700DA00061EBA /* CommentTableViewCell.xib */; };
		DDB4D8126F9406A0DC20C6B2 /* Pods_heal_your_heart_heal_your_heartUITests.framework in Frameworks */ = {isa = PBXBuildFile; fileRef = FFEC29849174AFAB447D5B6F /* Pods_heal_your_heart_heal_your_heartUITests.framework */; };
/* End PBXBuildFile section */

/* Begin PBXContainerItemProxy section */
		95C6BC6625242343008B28AD /* PBXContainerItemProxy */ = {
			isa = PBXContainerItemProxy;
			containerPortal = 95C6BC472524233F008B28AD /* Project object */;
			proxyType = 1;
			remoteGlobalIDString = 95C6BC4E25242340008B28AD;
			remoteInfo = heal_your_heart;
		};
		95C6BC7125242343008B28AD /* PBXContainerItemProxy */ = {
			isa = PBXContainerItemProxy;
			containerPortal = 95C6BC472524233F008B28AD /* Project object */;
			proxyType = 1;
			remoteGlobalIDString = 95C6BC4E25242340008B28AD;
			remoteInfo = heal_your_heart;
		};
/* End PBXContainerItemProxy section */

/* Begin PBXFileReference section */
		04E10008AEAE57F5EC76A817 /* Pods-heal_your_heart-heal_your_heartUITests.debug.xcconfig */ = {isa = PBXFileReference; includeInIndex = 1; lastKnownFileType = text.xcconfig; name = "Pods-heal_your_heart-heal_your_heartUITests.debug.xcconfig"; path = "Target Support Files/Pods-heal_your_heart-heal_your_heartUITests/Pods-heal_your_heart-heal_your_heartUITests.debug.xcconfig"; sourceTree = "<group>"; };
		0F87E00B81660CAA48D1B0ED /* Pods_heal_your_heartTests.framework */ = {isa = PBXFileReference; explicitFileType = wrapper.framework; includeInIndex = 0; path = Pods_heal_your_heartTests.framework; sourceTree = BUILT_PRODUCTS_DIR; };
		24C3153A31533AB013DC0EAB /* Pods-heal_your_heart.debug.xcconfig */ = {isa = PBXFileReference; includeInIndex = 1; lastKnownFileType = text.xcconfig; name = "Pods-heal_your_heart.debug.xcconfig"; path = "Target Support Files/Pods-heal_your_heart/Pods-heal_your_heart.debug.xcconfig"; sourceTree = "<group>"; };
		43E3831173051B0A94C68F99 /* Pods-heal_your_heartTests.debug.xcconfig */ = {isa = PBXFileReference; includeInIndex = 1; lastKnownFileType = text.xcconfig; name = "Pods-heal_your_heartTests.debug.xcconfig"; path = "Target Support Files/Pods-heal_your_heartTests/Pods-heal_your_heartTests.debug.xcconfig"; sourceTree = "<group>"; };
		68813CFDD747D858E71EEB49 /* Pods-heal_your_heartTests.release.xcconfig */ = {isa = PBXFileReference; includeInIndex = 1; lastKnownFileType = text.xcconfig; name = "Pods-heal_your_heartTests.release.xcconfig"; path = "Target Support Files/Pods-heal_your_heartTests/Pods-heal_your_heartTests.release.xcconfig"; sourceTree = "<group>"; };
		68CBF3FD969456B8A088E7E6 /* Pods_heal_your_heart.framework */ = {isa = PBXFileReference; explicitFileType = wrapper.framework; includeInIndex = 0; path = Pods_heal_your_heart.framework; sourceTree = BUILT_PRODUCTS_DIR; };
		954D2F082524283100405DEC /* TimelineViewController.swift */ = {isa = PBXFileReference; lastKnownFileType = sourcecode.swift; path = TimelineViewController.swift; sourceTree = "<group>"; };
		954D2F2325243E0200405DEC /* SearchViewController.swift */ = {isa = PBXFileReference; lastKnownFileType = sourcecode.swift; path = SearchViewController.swift; sourceTree = "<group>"; };
		954D2F2825243E1700405DEC /* NotificationViewController.swift */ = {isa = PBXFileReference; lastKnownFileType = sourcecode.swift; path = NotificationViewController.swift; sourceTree = "<group>"; };
		954D2F362524441B00405DEC /* Extensions.swift */ = {isa = PBXFileReference; lastKnownFileType = sourcecode.swift; path = Extensions.swift; sourceTree = "<group>"; };
		95A285FB25287971003FBE46 /* LoginViewController.swift */ = {isa = PBXFileReference; lastKnownFileType = sourcecode.swift; path = LoginViewController.swift; sourceTree = "<group>"; };
		95A286002528797C003FBE46 /* RegisterViewController.swift */ = {isa = PBXFileReference; lastKnownFileType = sourcecode.swift; path = RegisterViewController.swift; sourceTree = "<group>"; };
		95C6BC4F25242340008B28AD /* heal_your_heart.app */ = {isa = PBXFileReference; explicitFileType = wrapper.application; includeInIndex = 0; path = heal_your_heart.app; sourceTree = BUILT_PRODUCTS_DIR; };
		95C6BC5225242340008B28AD /* AppDelegate.swift */ = {isa = PBXFileReference; lastKnownFileType = sourcecode.swift; path = AppDelegate.swift; sourceTree = "<group>"; };
		95C6BC5425242340008B28AD /* SceneDelegate.swift */ = {isa = PBXFileReference; lastKnownFileType = sourcecode.swift; path = SceneDelegate.swift; sourceTree = "<group>"; };
		95C6BC5925242340008B28AD /* Base */ = {isa = PBXFileReference; lastKnownFileType = file.storyboard; name = Base; path = Base.lproj/Main.storyboard; sourceTree = "<group>"; };
		95C6BC5B25242343008B28AD /* Assets.xcassets */ = {isa = PBXFileReference; lastKnownFileType = folder.assetcatalog; path = Assets.xcassets; sourceTree = "<group>"; };
		95C6BC5E25242343008B28AD /* Base */ = {isa = PBXFileReference; lastKnownFileType = file.storyboard; name = Base; path = Base.lproj/LaunchScreen.storyboard; sourceTree = "<group>"; };
		95C6BC6025242343008B28AD /* Info.plist */ = {isa = PBXFileReference; lastKnownFileType = text.plist.xml; path = Info.plist; sourceTree = "<group>"; };
		95C6BC6525242343008B28AD /* heal_your_heartTests.xctest */ = {isa = PBXFileReference; explicitFileType = wrapper.cfbundle; includeInIndex = 0; path = heal_your_heartTests.xctest; sourceTree = BUILT_PRODUCTS_DIR; };
		95C6BC6925242343008B28AD /* heal_your_heartTests.swift */ = {isa = PBXFileReference; lastKnownFileType = sourcecode.swift; path = heal_your_heartTests.swift; sourceTree = "<group>"; };
		95C6BC6B25242343008B28AD /* Info.plist */ = {isa = PBXFileReference; lastKnownFileType = text.plist.xml; path = Info.plist; sourceTree = "<group>"; };
		95C6BC7025242343008B28AD /* heal_your_heartUITests.xctest */ = {isa = PBXFileReference; explicitFileType = wrapper.cfbundle; includeInIndex = 0; path = heal_your_heartUITests.xctest; sourceTree = BUILT_PRODUCTS_DIR; };
		95C6BC7425242343008B28AD /* heal_your_heartUITests.swift */ = {isa = PBXFileReference; lastKnownFileType = sourcecode.swift; path = heal_your_heartUITests.swift; sourceTree = "<group>"; };
		95C6BC7625242343008B28AD /* Info.plist */ = {isa = PBXFileReference; lastKnownFileType = text.plist.xml; path = Info.plist; sourceTree = "<group>"; };
		95C6BCA0252424F8008B28AD /* SettingsViewController.swift */ = {isa = PBXFileReference; lastKnownFileType = sourcecode.swift; path = SettingsViewController.swift; sourceTree = "<group>"; };
		95C6BCA92524251A008B28AD /* PostViewController.swift */ = {isa = PBXFileReference; lastKnownFileType = sourcecode.swift; path = PostViewController.swift; sourceTree = "<group>"; };
		95D377F52526026E00D22385 /* PostTableViewCell.swift */ = {isa = PBXFileReference; lastKnownFileType = sourcecode.swift; path = PostTableViewCell.swift; sourceTree = "<group>"; };
		95D377F62526026E00D22385 /* PostTableViewCell.xib */ = {isa = PBXFileReference; lastKnownFileType = file.xib; path = PostTableViewCell.xib; sourceTree = "<group>"; };
		95D377FC2526E85800D22385 /* PostDetailViewController.swift */ = {isa = PBXFileReference; lastKnownFileType = sourcecode.swift; path = PostDetailViewController.swift; sourceTree = "<group>"; };
		95D378052526EB2300D22385 /* Post.swift */ = {isa = PBXFileReference; lastKnownFileType = sourcecode.swift; path = Post.swift; sourceTree = "<group>"; };
		95F9960C25273949008FA3E5 /* Comment.swift */ = {isa = PBXFileReference; lastKnownFileType = sourcecode.swift; path = Comment.swift; sourceTree = "<group>"; };
		95F9961125273C27008FA3E5 /* NotificationTableViewCell.swift */ = {isa = PBXFileReference; lastKnownFileType = sourcecode.swift; path = NotificationTableViewCell.swift; sourceTree = "<group>"; };
		95F9961225273C27008FA3E5 /* NotificationTableViewCell.xib */ = {isa = PBXFileReference; lastKnownFileType = file.xib; path = NotificationTableViewCell.xib; sourceTree = "<group>"; };
		95FE247A2526F36E00061EBA /* PostDetailTableViewCell.swift */ = {isa = PBXFileReference; lastKnownFileType = sourcecode.swift; path = PostDetailTableViewCell.swift; sourceTree = "<group>"; };
		95FE247B2526F36E00061EBA /* PostDetailTableViewCell.xib */ = {isa = PBXFileReference; lastKnownFileType = file.xib; path = PostDetailTableViewCell.xib; sourceTree = "<group>"; };
		95FE2481252700DA00061EBA /* CommentTableViewCell.swift */ = {isa = PBXFileReference; lastKnownFileType = sourcecode.swift; path = CommentTableViewCell.swift; sourceTree = "<group>"; };
		95FE2482252700DA00061EBA /* CommentTableViewCell.xib */ = {isa = PBXFileReference; lastKnownFileType = file.xib; path = CommentTableViewCell.xib; sourceTree = "<group>"; };
		D5388A86B70114C7AC6EB367 /* Pods-heal_your_heart-heal_your_heartUITests.release.xcconfig */ = {isa = PBXFileReference; includeInIndex = 1; lastKnownFileType = text.xcconfig; name = "Pods-heal_your_heart-heal_your_heartUITests.release.xcconfig"; path = "Target Support Files/Pods-heal_your_heart-heal_your_heartUITests/Pods-heal_your_heart-heal_your_heartUITests.release.xcconfig"; sourceTree = "<group>"; };
		E5827F78FC677E4EB38333C8 /* Pods-heal_your_heart.release.xcconfig */ = {isa = PBXFileReference; includeInIndex = 1; lastKnownFileType = text.xcconfig; name = "Pods-heal_your_heart.release.xcconfig"; path = "Target Support Files/Pods-heal_your_heart/Pods-heal_your_heart.release.xcconfig"; sourceTree = "<group>"; };
		FFEC29849174AFAB447D5B6F /* Pods_heal_your_heart_heal_your_heartUITests.framework */ = {isa = PBXFileReference; explicitFileType = wrapper.framework; includeInIndex = 0; path = Pods_heal_your_heart_heal_your_heartUITests.framework; sourceTree = BUILT_PRODUCTS_DIR; };
/* End PBXFileReference section */

/* Begin PBXFrameworksBuildPhase section */
		95C6BC4C25242340008B28AD /* Frameworks */ = {
			isa = PBXFrameworksBuildPhase;
			buildActionMask = 2147483647;
			files = (
				5FDFD6AA46FF491212C7ABE0 /* Pods_heal_your_heart.framework in Frameworks */,
			);
			runOnlyForDeploymentPostprocessing = 0;
		};
		95C6BC6225242343008B28AD /* Frameworks */ = {
			isa = PBXFrameworksBuildPhase;
			buildActionMask = 2147483647;
			files = (
				0A78DA9B5CC8F0B969446D73 /* Pods_heal_your_heartTests.framework in Frameworks */,
			);
			runOnlyForDeploymentPostprocessing = 0;
		};
		95C6BC6D25242343008B28AD /* Frameworks */ = {
			isa = PBXFrameworksBuildPhase;
			buildActionMask = 2147483647;
			files = (
				DDB4D8126F9406A0DC20C6B2 /* Pods_heal_your_heart_heal_your_heartUITests.framework in Frameworks */,
			);
			runOnlyForDeploymentPostprocessing = 0;
		};
/* End PBXFrameworksBuildPhase section */

/* Begin PBXGroup section */
		334D145EA8B5E402E5E9286C /* Pods */ = {
			isa = PBXGroup;
			children = (
				24C3153A31533AB013DC0EAB /* Pods-heal_your_heart.debug.xcconfig */,
				E5827F78FC677E4EB38333C8 /* Pods-heal_your_heart.release.xcconfig */,
				04E10008AEAE57F5EC76A817 /* Pods-heal_your_heart-heal_your_heartUITests.debug.xcconfig */,
				D5388A86B70114C7AC6EB367 /* Pods-heal_your_heart-heal_your_heartUITests.release.xcconfig */,
				43E3831173051B0A94C68F99 /* Pods-heal_your_heartTests.debug.xcconfig */,
				68813CFDD747D858E71EEB49 /* Pods-heal_your_heartTests.release.xcconfig */,
			);
			path = Pods;
			sourceTree = "<group>";
		};
		8B7C8D266FC5320616859F4D /* Frameworks */ = {
			isa = PBXGroup;
			children = (
				68CBF3FD969456B8A088E7E6 /* Pods_heal_your_heart.framework */,
				FFEC29849174AFAB447D5B6F /* Pods_heal_your_heart_heal_your_heartUITests.framework */,
				0F87E00B81660CAA48D1B0ED /* Pods_heal_your_heartTests.framework */,
			);
			name = Frameworks;
			sourceTree = "<group>";
		};
		954D2F2D2524417800405DEC /* Views */ = {
			isa = PBXGroup;
			children = (
				95D377F52526026E00D22385 /* PostTableViewCell.swift */,
				95D377F62526026E00D22385 /* PostTableViewCell.xib */,
				95FE247A2526F36E00061EBA /* PostDetailTableViewCell.swift */,
				95FE247B2526F36E00061EBA /* PostDetailTableViewCell.xib */,
				95FE2481252700DA00061EBA /* CommentTableViewCell.swift */,
				95FE2482252700DA00061EBA /* CommentTableViewCell.xib */,
				95F9961125273C27008FA3E5 /* NotificationTableViewCell.swift */,
				95F9961225273C27008FA3E5 /* NotificationTableViewCell.xib */,
			);
			path = Views;
			sourceTree = "<group>";
		};
		95649CE0252746670047C4C0 /* Action */ = {
			isa = PBXGroup;
			children = (
				95C6BCA92524251A008B28AD /* PostViewController.swift */,
				95D377FC2526E85800D22385 /* PostDetailViewController.swift */,
			);
			path = Action;
			sourceTree = "<group>";
		};
		95A2860525287983003FBE46 /* Onboarding */ = {
			isa = PBXGroup;
			children = (
				95A285FB25287971003FBE46 /* LoginViewController.swift */,
				95A286002528797C003FBE46 /* RegisterViewController.swift */,
			);
			path = Onboarding;
			sourceTree = "<group>";
		};
		95C6BC462524233F008B28AD = {
			isa = PBXGroup;
			children = (
				95C6BC5125242340008B28AD /* heal_your_heart */,
				95C6BC6825242343008B28AD /* heal_your_heartTests */,
				95C6BC7325242343008B28AD /* heal_your_heartUITests */,
				95C6BC5025242340008B28AD /* Products */,
				334D145EA8B5E402E5E9286C /* Pods */,
				8B7C8D266FC5320616859F4D /* Frameworks */,
			);
			sourceTree = "<group>";
		};
		95C6BC5025242340008B28AD /* Products */ = {
			isa = PBXGroup;
			children = (
				95C6BC4F25242340008B28AD /* heal_your_heart.app */,
				95C6BC6525242343008B28AD /* heal_your_heartTests.xctest */,
				95C6BC7025242343008B28AD /* heal_your_heartUITests.xctest */,
			);
			name = Products;
			sourceTree = "<group>";
		};
		95C6BC5125242340008B28AD /* heal_your_heart */ = {
			isa = PBXGroup;
			children = (
				95D378042526EB0F00D22385 /* Models */,
				954D2F2D2524417800405DEC /* Views */,
				95C6BC8A252423A8008B28AD /* Controllers */,
				95C6BC8925242384008B28AD /* Storyboards */,
				95C6BC8525242374008B28AD /* Resources */,
				95C6BC6025242343008B28AD /* Info.plist */,
			);
			path = heal_your_heart;
			sourceTree = "<group>";
		};
		95C6BC6825242343008B28AD /* heal_your_heartTests */ = {
			isa = PBXGroup;
			children = (
				95C6BC6925242343008B28AD /* heal_your_heartTests.swift */,
				95C6BC6B25242343008B28AD /* Info.plist */,
			);
			path = heal_your_heartTests;
			sourceTree = "<group>";
		};
		95C6BC7325242343008B28AD /* heal_your_heartUITests */ = {
			isa = PBXGroup;
			children = (
				95C6BC7425242343008B28AD /* heal_your_heartUITests.swift */,
				95C6BC7625242343008B28AD /* Info.plist */,
			);
			path = heal_your_heartUITests;
			sourceTree = "<group>";
		};
		95C6BC8525242374008B28AD /* Resources */ = {
			isa = PBXGroup;
			children = (
				95C6BC5225242340008B28AD /* AppDelegate.swift */,
				95C6BC5425242340008B28AD /* SceneDelegate.swift */,
				95C6BC5B25242343008B28AD /* Assets.xcassets */,
				954D2F362524441B00405DEC /* Extensions.swift */,
			);
			path = Resources;
			sourceTree = "<group>";
		};
		95C6BC8925242384008B28AD /* Storyboards */ = {
			isa = PBXGroup;
			children = (
				95C6BC5825242340008B28AD /* Main.storyboard */,
				95C6BC5D25242343008B28AD /* LaunchScreen.storyboard */,
			);
			path = Storyboards;
			sourceTree = "<group>";
		};
		95C6BC8A252423A8008B28AD /* Controllers */ = {
			isa = PBXGroup;
			children = (
				95649CE0252746670047C4C0 /* Action */,
				95C6BCA525242501008B28AD /* Main */,
				95A2860525287983003FBE46 /* Onboarding */,
			);
			path = Controllers;
			sourceTree = "<group>";
		};
		95C6BCA525242501008B28AD /* Main */ = {
			isa = PBXGroup;
			children = (
				954D2F082524283100405DEC /* TimelineViewController.swift */,
				954D2F2325243E0200405DEC /* SearchViewController.swift */,
				954D2F2825243E1700405DEC /* NotificationViewController.swift */,
				95C6BCA0252424F8008B28AD /* SettingsViewController.swift */,
			);
			path = Main;
			sourceTree = "<group>";
		};
		95D378042526EB0F00D22385 /* Models */ = {
			isa = PBXGroup;
			children = (
				95D378052526EB2300D22385 /* Post.swift */,
				95F9960C25273949008FA3E5 /* Comment.swift */,
			);
			path = Models;
			sourceTree = "<group>";
		};
/* End PBXGroup section */

/* Begin PBXNativeTarget section */
		95C6BC4E25242340008B28AD /* heal_your_heart */ = {
			isa = PBXNativeTarget;
			buildConfigurationList = 95C6BC7925242343008B28AD /* Build configuration list for PBXNativeTarget "heal_your_heart" */;
			buildPhases = (
				ACE2571D8173DC473666E122 /* [CP] Check Pods Manifest.lock */,
				95C6BC4B25242340008B28AD /* Sources */,
				95C6BC4C25242340008B28AD /* Frameworks */,
				95C6BC4D25242340008B28AD /* Resources */,
				DE9485DF57968CE64F820B5E /* [CP] Embed Pods Frameworks */,
			);
			buildRules = (
			);
			dependencies = (
			);
			name = heal_your_heart;
			productName = heal_your_heart;
			productReference = 95C6BC4F25242340008B28AD /* heal_your_heart.app */;
			productType = "com.apple.product-type.application";
		};
		95C6BC6425242343008B28AD /* heal_your_heartTests */ = {
			isa = PBXNativeTarget;
			buildConfigurationList = 95C6BC7C25242343008B28AD /* Build configuration list for PBXNativeTarget "heal_your_heartTests" */;
			buildPhases = (
				A691FF5E8EF1E8A6C5B4BCA4 /* [CP] Check Pods Manifest.lock */,
				95C6BC6125242343008B28AD /* Sources */,
				95C6BC6225242343008B28AD /* Frameworks */,
				95C6BC6325242343008B28AD /* Resources */,
			);
			buildRules = (
			);
			dependencies = (
				95C6BC6725242343008B28AD /* PBXTargetDependency */,
			);
			name = heal_your_heartTests;
			productName = heal_your_heartTests;
			productReference = 95C6BC6525242343008B28AD /* heal_your_heartTests.xctest */;
			productType = "com.apple.product-type.bundle.unit-test";
		};
		95C6BC6F25242343008B28AD /* heal_your_heartUITests */ = {
			isa = PBXNativeTarget;
			buildConfigurationList = 95C6BC7F25242343008B28AD /* Build configuration list for PBXNativeTarget "heal_your_heartUITests" */;
			buildPhases = (
				0E45712C9A650A6081CB25BF /* [CP] Check Pods Manifest.lock */,
				95C6BC6C25242343008B28AD /* Sources */,
				95C6BC6D25242343008B28AD /* Frameworks */,
				95C6BC6E25242343008B28AD /* Resources */,
				AEDB8662C09731F5BD47E06D /* [CP] Embed Pods Frameworks */,
			);
			buildRules = (
			);
			dependencies = (
				95C6BC7225242343008B28AD /* PBXTargetDependency */,
			);
			name = heal_your_heartUITests;
			productName = heal_your_heartUITests;
			productReference = 95C6BC7025242343008B28AD /* heal_your_heartUITests.xctest */;
			productType = "com.apple.product-type.bundle.ui-testing";
		};
/* End PBXNativeTarget section */

/* Begin PBXProject section */
		95C6BC472524233F008B28AD /* Project object */ = {
			isa = PBXProject;
			attributes = {
				LastSwiftUpdateCheck = 1200;
				LastUpgradeCheck = 1200;
				TargetAttributes = {
					95C6BC4E25242340008B28AD = {
						CreatedOnToolsVersion = 12.0.1;
					};
					95C6BC6425242343008B28AD = {
						CreatedOnToolsVersion = 12.0.1;
						TestTargetID = 95C6BC4E25242340008B28AD;
					};
					95C6BC6F25242343008B28AD = {
						CreatedOnToolsVersion = 12.0.1;
						TestTargetID = 95C6BC4E25242340008B28AD;
					};
				};
			};
			buildConfigurationList = 95C6BC4A25242340008B28AD /* Build configuration list for PBXProject "heal_your_heart" */;
			compatibilityVersion = "Xcode 9.3";
			developmentRegion = en;
			hasScannedForEncodings = 0;
			knownRegions = (
				en,
				Base,
			);
			mainGroup = 95C6BC462524233F008B28AD;
			productRefGroup = 95C6BC5025242340008B28AD /* Products */;
			projectDirPath = "";
			projectRoot = "";
			targets = (
				95C6BC4E25242340008B28AD /* heal_your_heart */,
				95C6BC6425242343008B28AD /* heal_your_heartTests */,
				95C6BC6F25242343008B28AD /* heal_your_heartUITests */,
			);
		};
/* End PBXProject section */

/* Begin PBXResourcesBuildPhase section */
		95C6BC4D25242340008B28AD /* Resources */ = {
			isa = PBXResourcesBuildPhase;
			buildActionMask = 2147483647;
			files = (
				95C6BC5F25242343008B28AD /* LaunchScreen.storyboard in Resources */,
				95FE2484252700DA00061EBA /* CommentTableViewCell.xib in Resources */,
				95FE247D2526F36E00061EBA /* PostDetailTableViewCell.xib in Resources */,
				95C6BC5C25242343008B28AD /* Assets.xcassets in Resources */,
				95C6BC5A25242340008B28AD /* Main.storyboard in Resources */,
				95F9961425273C27008FA3E5 /* NotificationTableViewCell.xib in Resources */,
				95D377F82526026E00D22385 /* PostTableViewCell.xib in Resources */,
			);
			runOnlyForDeploymentPostprocessing = 0;
		};
		95C6BC6325242343008B28AD /* Resources */ = {
			isa = PBXResourcesBuildPhase;
			buildActionMask = 2147483647;
			files = (
			);
			runOnlyForDeploymentPostprocessing = 0;
		};
		95C6BC6E25242343008B28AD /* Resources */ = {
			isa = PBXResourcesBuildPhase;
			buildActionMask = 2147483647;
			files = (
			);
			runOnlyForDeploymentPostprocessing = 0;
		};
/* End PBXResourcesBuildPhase section */

/* Begin PBXShellScriptBuildPhase section */
		0E45712C9A650A6081CB25BF /* [CP] Check Pods Manifest.lock */ = {
			isa = PBXShellScriptBuildPhase;
			buildActionMask = 2147483647;
			files = (
			);
			inputFileListPaths = (
			);
			inputPaths = (
				"${PODS_PODFILE_DIR_PATH}/Podfile.lock",
				"${PODS_ROOT}/Manifest.lock",
			);
			name = "[CP] Check Pods Manifest.lock";
			outputFileListPaths = (
			);
			outputPaths = (
				"$(DERIVED_FILE_DIR)/Pods-heal_your_heart-heal_your_heartUITests-checkManifestLockResult.txt",
			);
			runOnlyForDeploymentPostprocessing = 0;
			shellPath = /bin/sh;
			shellScript = "diff \"${PODS_PODFILE_DIR_PATH}/Podfile.lock\" \"${PODS_ROOT}/Manifest.lock\" > /dev/null\nif [ $? != 0 ] ; then\n    # print error to STDERR\n    echo \"error: The sandbox is not in sync with the Podfile.lock. Run 'pod install' or update your CocoaPods installation.\" >&2\n    exit 1\nfi\n# This output is used by Xcode 'outputs' to avoid re-running this script phase.\necho \"SUCCESS\" > \"${SCRIPT_OUTPUT_FILE_0}\"\n";
			showEnvVarsInLog = 0;
		};
		A691FF5E8EF1E8A6C5B4BCA4 /* [CP] Check Pods Manifest.lock */ = {
			isa = PBXShellScriptBuildPhase;
			buildActionMask = 2147483647;
			files = (
			);
			inputFileListPaths = (
			);
			inputPaths = (
				"${PODS_PODFILE_DIR_PATH}/Podfile.lock",
				"${PODS_ROOT}/Manifest.lock",
			);
			name = "[CP] Check Pods Manifest.lock";
			outputFileListPaths = (
			);
			outputPaths = (
				"$(DERIVED_FILE_DIR)/Pods-heal_your_heartTests-checkManifestLockResult.txt",
			);
			runOnlyForDeploymentPostprocessing = 0;
			shellPath = /bin/sh;
			shellScript = "diff \"${PODS_PODFILE_DIR_PATH}/Podfile.lock\" \"${PODS_ROOT}/Manifest.lock\" > /dev/null\nif [ $? != 0 ] ; then\n    # print error to STDERR\n    echo \"error: The sandbox is not in sync with the Podfile.lock. Run 'pod install' or update your CocoaPods installation.\" >&2\n    exit 1\nfi\n# This output is used by Xcode 'outputs' to avoid re-running this script phase.\necho \"SUCCESS\" > \"${SCRIPT_OUTPUT_FILE_0}\"\n";
			showEnvVarsInLog = 0;
		};
		ACE2571D8173DC473666E122 /* [CP] Check Pods Manifest.lock */ = {
			isa = PBXShellScriptBuildPhase;
			buildActionMask = 2147483647;
			files = (
			);
			inputFileListPaths = (
			);
			inputPaths = (
				"${PODS_PODFILE_DIR_PATH}/Podfile.lock",
				"${PODS_ROOT}/Manifest.lock",
			);
			name = "[CP] Check Pods Manifest.lock";
			outputFileListPaths = (
			);
			outputPaths = (
				"$(DERIVED_FILE_DIR)/Pods-heal_your_heart-checkManifestLockResult.txt",
			);
			runOnlyForDeploymentPostprocessing = 0;
			shellPath = /bin/sh;
			shellScript = "diff \"${PODS_PODFILE_DIR_PATH}/Podfile.lock\" \"${PODS_ROOT}/Manifest.lock\" > /dev/null\nif [ $? != 0 ] ; then\n    # print error to STDERR\n    echo \"error: The sandbox is not in sync with the Podfile.lock. Run 'pod install' or update your CocoaPods installation.\" >&2\n    exit 1\nfi\n# This output is used by Xcode 'outputs' to avoid re-running this script phase.\necho \"SUCCESS\" > \"${SCRIPT_OUTPUT_FILE_0}\"\n";
			showEnvVarsInLog = 0;
		};
		AEDB8662C09731F5BD47E06D /* [CP] Embed Pods Frameworks */ = {
			isa = PBXShellScriptBuildPhase;
			buildActionMask = 2147483647;
			files = (
			);
			inputFileListPaths = (
				"${PODS_ROOT}/Target Support Files/Pods-heal_your_heart-heal_your_heartUITests/Pods-heal_your_heart-heal_your_heartUITests-frameworks-${CONFIGURATION}-input-files.xcfilelist",
			);
			name = "[CP] Embed Pods Frameworks";
			outputFileListPaths = (
				"${PODS_ROOT}/Target Support Files/Pods-heal_your_heart-heal_your_heartUITests/Pods-heal_your_heart-heal_your_heartUITests-frameworks-${CONFIGURATION}-output-files.xcfilelist",
			);
			runOnlyForDeploymentPostprocessing = 0;
			shellPath = /bin/sh;
			shellScript = "\"${PODS_ROOT}/Target Support Files/Pods-heal_your_heart-heal_your_heartUITests/Pods-heal_your_heart-heal_your_heartUITests-frameworks.sh\"\n";
			showEnvVarsInLog = 0;
		};
		DE9485DF57968CE64F820B5E /* [CP] Embed Pods Frameworks */ = {
			isa = PBXShellScriptBuildPhase;
			buildActionMask = 2147483647;
			files = (
			);
			inputFileListPaths = (
				"${PODS_ROOT}/Target Support Files/Pods-heal_your_heart/Pods-heal_your_heart-frameworks-${CONFIGURATION}-input-files.xcfilelist",
			);
			name = "[CP] Embed Pods Frameworks";
			outputFileListPaths = (
				"${PODS_ROOT}/Target Support Files/Pods-heal_your_heart/Pods-heal_your_heart-frameworks-${CONFIGURATION}-output-files.xcfilelist",
			);
			runOnlyForDeploymentPostprocessing = 0;
			shellPath = /bin/sh;
			shellScript = "\"${PODS_ROOT}/Target Support Files/Pods-heal_your_heart/Pods-heal_your_heart-frameworks.sh\"\n";
			showEnvVarsInLog = 0;
		};
/* End PBXShellScriptBuildPhase section */

/* Begin PBXSourcesBuildPhase section */
		95C6BC4B25242340008B28AD /* Sources */ = {
			isa = PBXSourcesBuildPhase;
			buildActionMask = 2147483647;
			files = (
				95C6BCAA2524251A008B28AD /* PostViewController.swift in Sources */,
				954D2F2425243E0200405DEC /* SearchViewController.swift in Sources */,
				954D2F2925243E1700405DEC /* NotificationViewController.swift in Sources */,
				95D378062526EB2300D22385 /* Post.swift in Sources */,
				95F9961325273C27008FA3E5 /* NotificationTableViewCell.swift in Sources */,
				95D377FD2526E85800D22385 /* PostDetailViewController.swift in Sources */,
				95C6BC5325242340008B28AD /* AppDelegate.swift in Sources */,
				954D2F372524441B00405DEC /* Extensions.swift in Sources */,
				95C6BC5525242340008B28AD /* SceneDelegate.swift in Sources */,
				95D377F72526026E00D22385 /* PostTableViewCell.swift in Sources */,
				95F9960D25273949008FA3E5 /* Comment.swift in Sources */,
				95C6BCA1252424F8008B28AD /* SettingsViewController.swift in Sources */,
				95A285FC25287971003FBE46 /* LoginViewController.swift in Sources */,
				95A286012528797C003FBE46 /* RegisterViewController.swift in Sources */,
				95FE2483252700DA00061EBA /* CommentTableViewCell.swift in Sources */,
				954D2F092524283100405DEC /* TimelineViewController.swift in Sources */,
				95FE247C2526F36E00061EBA /* PostDetailTableViewCell.swift in Sources */,
			);
			runOnlyForDeploymentPostprocessing = 0;
		};
		95C6BC6125242343008B28AD /* Sources */ = {
			isa = PBXSourcesBuildPhase;
			buildActionMask = 2147483647;
			files = (
				95C6BC6A25242343008B28AD /* heal_your_heartTests.swift in Sources */,
			);
			runOnlyForDeploymentPostprocessing = 0;
		};
		95C6BC6C25242343008B28AD /* Sources */ = {
			isa = PBXSourcesBuildPhase;
			buildActionMask = 2147483647;
			files = (
				95C6BC7525242343008B28AD /* heal_your_heartUITests.swift in Sources */,
			);
			runOnlyForDeploymentPostprocessing = 0;
		};
/* End PBXSourcesBuildPhase section */

/* Begin PBXTargetDependency section */
		95C6BC6725242343008B28AD /* PBXTargetDependency */ = {
			isa = PBXTargetDependency;
			target = 95C6BC4E25242340008B28AD /* heal_your_heart */;
			targetProxy = 95C6BC6625242343008B28AD /* PBXContainerItemProxy */;
		};
		95C6BC7225242343008B28AD /* PBXTargetDependency */ = {
			isa = PBXTargetDependency;
			target = 95C6BC4E25242340008B28AD /* heal_your_heart */;
			targetProxy = 95C6BC7125242343008B28AD /* PBXContainerItemProxy */;
		};
/* End PBXTargetDependency section */

/* Begin PBXVariantGroup section */
		95C6BC5825242340008B28AD /* Main.storyboard */ = {
			isa = PBXVariantGroup;
			children = (
				95C6BC5925242340008B28AD /* Base */,
			);
			name = Main.storyboard;
			sourceTree = "<group>";
		};
		95C6BC5D25242343008B28AD /* LaunchScreen.storyboard */ = {
			isa = PBXVariantGroup;
			children = (
				95C6BC5E25242343008B28AD /* Base */,
			);
			name = LaunchScreen.storyboard;
			sourceTree = "<group>";
		};
/* End PBXVariantGroup section */

/* Begin XCBuildConfiguration section */
		95C6BC7725242343008B28AD /* Debug */ = {
			isa = XCBuildConfiguration;
			buildSettings = {
				ALWAYS_SEARCH_USER_PATHS = NO;
				CLANG_ANALYZER_NONNULL = YES;
				CLANG_ANALYZER_NUMBER_OBJECT_CONVERSION = YES_AGGRESSIVE;
				CLANG_CXX_LANGUAGE_STANDARD = "gnu++14";
				CLANG_CXX_LIBRARY = "libc++";
				CLANG_ENABLE_MODULES = YES;
				CLANG_ENABLE_OBJC_ARC = YES;
				CLANG_ENABLE_OBJC_WEAK = YES;
				CLANG_WARN_BLOCK_CAPTURE_AUTORELEASING = YES;
				CLANG_WARN_BOOL_CONVERSION = YES;
				CLANG_WARN_COMMA = YES;
				CLANG_WARN_CONSTANT_CONVERSION = YES;
				CLANG_WARN_DEPRECATED_OBJC_IMPLEMENTATIONS = YES;
				CLANG_WARN_DIRECT_OBJC_ISA_USAGE = YES_ERROR;
				CLANG_WARN_DOCUMENTATION_COMMENTS = YES;
				CLANG_WARN_EMPTY_BODY = YES;
				CLANG_WARN_ENUM_CONVERSION = YES;
				CLANG_WARN_INFINITE_RECURSION = YES;
				CLANG_WARN_INT_CONVERSION = YES;
				CLANG_WARN_NON_LITERAL_NULL_CONVERSION = YES;
				CLANG_WARN_OBJC_IMPLICIT_RETAIN_SELF = YES;
				CLANG_WARN_OBJC_LITERAL_CONVERSION = YES;
				CLANG_WARN_OBJC_ROOT_CLASS = YES_ERROR;
				CLANG_WARN_QUOTED_INCLUDE_IN_FRAMEWORK_HEADER = YES;
				CLANG_WARN_RANGE_LOOP_ANALYSIS = YES;
				CLANG_WARN_STRICT_PROTOTYPES = YES;
				CLANG_WARN_SUSPICIOUS_MOVE = YES;
				CLANG_WARN_UNGUARDED_AVAILABILITY = YES_AGGRESSIVE;
				CLANG_WARN_UNREACHABLE_CODE = YES;
				CLANG_WARN__DUPLICATE_METHOD_MATCH = YES;
				COPY_PHASE_STRIP = NO;
				DEBUG_INFORMATION_FORMAT = dwarf;
				ENABLE_STRICT_OBJC_MSGSEND = YES;
				ENABLE_TESTABILITY = YES;
				GCC_C_LANGUAGE_STANDARD = gnu11;
				GCC_DYNAMIC_NO_PIC = NO;
				GCC_NO_COMMON_BLOCKS = YES;
				GCC_OPTIMIZATION_LEVEL = 0;
				GCC_PREPROCESSOR_DEFINITIONS = (
					"DEBUG=1",
					"$(inherited)",
				);
				GCC_WARN_64_TO_32_BIT_CONVERSION = YES;
				GCC_WARN_ABOUT_RETURN_TYPE = YES_ERROR;
				GCC_WARN_UNDECLARED_SELECTOR = YES;
				GCC_WARN_UNINITIALIZED_AUTOS = YES_AGGRESSIVE;
				GCC_WARN_UNUSED_FUNCTION = YES;
				GCC_WARN_UNUSED_VARIABLE = YES;
				IPHONEOS_DEPLOYMENT_TARGET = 14.0;
				MTL_ENABLE_DEBUG_INFO = INCLUDE_SOURCE;
				MTL_FAST_MATH = YES;
				ONLY_ACTIVE_ARCH = YES;
				SDKROOT = iphoneos;
				SWIFT_ACTIVE_COMPILATION_CONDITIONS = DEBUG;
				SWIFT_OPTIMIZATION_LEVEL = "-Onone";
			};
			name = Debug;
		};
		95C6BC7825242343008B28AD /* Release */ = {
			isa = XCBuildConfiguration;
			buildSettings = {
				ALWAYS_SEARCH_USER_PATHS = NO;
				CLANG_ANALYZER_NONNULL = YES;
				CLANG_ANALYZER_NUMBER_OBJECT_CONVERSION = YES_AGGRESSIVE;
				CLANG_CXX_LANGUAGE_STANDARD = "gnu++14";
				CLANG_CXX_LIBRARY = "libc++";
				CLANG_ENABLE_MODULES = YES;
				CLANG_ENABLE_OBJC_ARC = YES;
				CLANG_ENABLE_OBJC_WEAK = YES;
				CLANG_WARN_BLOCK_CAPTURE_AUTORELEASING = YES;
				CLANG_WARN_BOOL_CONVERSION = YES;
				CLANG_WARN_COMMA = YES;
				CLANG_WARN_CONSTANT_CONVERSION = YES;
				CLANG_WARN_DEPRECATED_OBJC_IMPLEMENTATIONS = YES;
				CLANG_WARN_DIRECT_OBJC_ISA_USAGE = YES_ERROR;
				CLANG_WARN_DOCUMENTATION_COMMENTS = YES;
				CLANG_WARN_EMPTY_BODY = YES;
				CLANG_WARN_ENUM_CONVERSION = YES;
				CLANG_WARN_INFINITE_RECURSION = YES;
				CLANG_WARN_INT_CONVERSION = YES;
				CLANG_WARN_NON_LITERAL_NULL_CONVERSION = YES;
				CLANG_WARN_OBJC_IMPLICIT_RETAIN_SELF = YES;
				CLANG_WARN_OBJC_LITERAL_CONVERSION = YES;
				CLANG_WARN_OBJC_ROOT_CLASS = YES_ERROR;
				CLANG_WARN_QUOTED_INCLUDE_IN_FRAMEWORK_HEADER = YES;
				CLANG_WARN_RANGE_LOOP_ANALYSIS = YES;
				CLANG_WARN_STRICT_PROTOTYPES = YES;
				CLANG_WARN_SUSPICIOUS_MOVE = YES;
				CLANG_WARN_UNGUARDED_AVAILABILITY = YES_AGGRESSIVE;
				CLANG_WARN_UNREACHABLE_CODE = YES;
				CLANG_WARN__DUPLICATE_METHOD_MATCH = YES;
				COPY_PHASE_STRIP = NO;
				DEBUG_INFORMATION_FORMAT = "dwarf-with-dsym";
				ENABLE_NS_ASSERTIONS = NO;
				ENABLE_STRICT_OBJC_MSGSEND = YES;
				GCC_C_LANGUAGE_STANDARD = gnu11;
				GCC_NO_COMMON_BLOCKS = YES;
				GCC_WARN_64_TO_32_BIT_CONVERSION = YES;
				GCC_WARN_ABOUT_RETURN_TYPE = YES_ERROR;
				GCC_WARN_UNDECLARED_SELECTOR = YES;
				GCC_WARN_UNINITIALIZED_AUTOS = YES_AGGRESSIVE;
				GCC_WARN_UNUSED_FUNCTION = YES;
				GCC_WARN_UNUSED_VARIABLE = YES;
				IPHONEOS_DEPLOYMENT_TARGET = 14.0;
				MTL_ENABLE_DEBUG_INFO = NO;
				MTL_FAST_MATH = YES;
				SDKROOT = iphoneos;
				SWIFT_COMPILATION_MODE = wholemodule;
				SWIFT_OPTIMIZATION_LEVEL = "-O";
				VALIDATE_PRODUCT = YES;
			};
			name = Release;
		};
		95C6BC7A25242343008B28AD /* Debug */ = {
			isa = XCBuildConfiguration;
			baseConfigurationReference = 24C3153A31533AB013DC0EAB /* Pods-heal_your_heart.debug.xcconfig */;
			buildSettings = {
				ASSETCATALOG_COMPILER_APPICON_NAME = AppIcon;
				ASSETCATALOG_COMPILER_GLOBAL_ACCENT_COLOR_NAME = AccentColor;
				CODE_SIGN_STYLE = Automatic;
				DEVELOPMENT_TEAM = 7RFPAQ2NAA;
				INFOPLIST_FILE = heal_your_heart/Info.plist;
				LD_RUNPATH_SEARCH_PATHS = (
					"$(inherited)",
					"@executable_path/Frameworks",
				);
				PRODUCT_BUNDLE_IDENTIFIER = "com.shino.heal-your-heart";
				PRODUCT_NAME = "$(TARGET_NAME)";
				SWIFT_VERSION = 5.0;
				TARGETED_DEVICE_FAMILY = "1,2";
			};
			name = Debug;
		};
		95C6BC7B25242343008B28AD /* Release */ = {
			isa = XCBuildConfiguration;
			baseConfigurationReference = E5827F78FC677E4EB38333C8 /* Pods-heal_your_heart.release.xcconfig */;
			buildSettings = {
				ASSETCATALOG_COMPILER_APPICON_NAME = AppIcon;
				ASSETCATALOG_COMPILER_GLOBAL_ACCENT_COLOR_NAME = AccentColor;
				CODE_SIGN_STYLE = Automatic;
				DEVELOPMENT_TEAM = 7RFPAQ2NAA;
				INFOPLIST_FILE = heal_your_heart/Info.plist;
				LD_RUNPATH_SEARCH_PATHS = (
					"$(inherited)",
					"@executable_path/Frameworks",
				);
				PRODUCT_BUNDLE_IDENTIFIER = "com.shino.heal-your-heart";
				PRODUCT_NAME = "$(TARGET_NAME)";
				SWIFT_VERSION = 5.0;
				TARGETED_DEVICE_FAMILY = "1,2";
			};
			name = Release;
		};
		95C6BC7D25242343008B28AD /* Debug */ = {
			isa = XCBuildConfiguration;
			baseConfigurationReference = 43E3831173051B0A94C68F99 /* Pods-heal_your_heartTests.debug.xcconfig */;
			buildSettings = {
				ALWAYS_EMBED_SWIFT_STANDARD_LIBRARIES = YES;
				BUNDLE_LOADER = "$(TEST_HOST)";
				CODE_SIGN_STYLE = Automatic;
				DEVELOPMENT_TEAM = 7RFPAQ2NAA;
				INFOPLIST_FILE = heal_your_heartTests/Info.plist;
				IPHONEOS_DEPLOYMENT_TARGET = 14.0;
				LD_RUNPATH_SEARCH_PATHS = (
					"$(inherited)",
					"@executable_path/Frameworks",
					"@loader_path/Frameworks",
				);
				PRODUCT_BUNDLE_IDENTIFIER = "com.shino.heal-your-heartTests";
				PRODUCT_NAME = "$(TARGET_NAME)";
				SWIFT_VERSION = 5.0;
				TARGETED_DEVICE_FAMILY = "1,2";
				TEST_HOST = "$(BUILT_PRODUCTS_DIR)/heal_your_heart.app/heal_your_heart";
			};
			name = Debug;
		};
		95C6BC7E25242343008B28AD /* Release */ = {
			isa = XCBuildConfiguration;
			baseConfigurationReference = 68813CFDD747D858E71EEB49 /* Pods-heal_your_heartTests.release.xcconfig */;
			buildSettings = {
				ALWAYS_EMBED_SWIFT_STANDARD_LIBRARIES = YES;
				BUNDLE_LOADER = "$(TEST_HOST)";
				CODE_SIGN_STYLE = Automatic;
				DEVELOPMENT_TEAM = 7RFPAQ2NAA;
				INFOPLIST_FILE = heal_your_heartTests/Info.plist;
				IPHONEOS_DEPLOYMENT_TARGET = 14.0;
				LD_RUNPATH_SEARCH_PATHS = (
					"$(inherited)",
					"@executable_path/Frameworks",
					"@loader_path/Frameworks",
				);
				PRODUCT_BUNDLE_IDENTIFIER = "com.shino.heal-your-heartTests";
				PRODUCT_NAME = "$(TARGET_NAME)";
				SWIFT_VERSION = 5.0;
				TARGETED_DEVICE_FAMILY = "1,2";
				TEST_HOST = "$(BUILT_PRODUCTS_DIR)/heal_your_heart.app/heal_your_heart";
			};
			name = Release;
		};
		95C6BC8025242343008B28AD /* Debug */ = {
			isa = XCBuildConfiguration;
			baseConfigurationReference = 04E10008AEAE57F5EC76A817 /* Pods-heal_your_heart-heal_your_heartUITests.debug.xcconfig */;
			buildSettings = {
				ALWAYS_EMBED_SWIFT_STANDARD_LIBRARIES = YES;
				CODE_SIGN_STYLE = Automatic;
				DEVELOPMENT_TEAM = 7RFPAQ2NAA;
				INFOPLIST_FILE = heal_your_heartUITests/Info.plist;
				LD_RUNPATH_SEARCH_PATHS = (
					"$(inherited)",
					"@executable_path/Frameworks",
					"@loader_path/Frameworks",
				);
				PRODUCT_BUNDLE_IDENTIFIER = "com.shino.heal-your-heartUITests";
				PRODUCT_NAME = "$(TARGET_NAME)";
				SWIFT_VERSION = 5.0;
				TARGETED_DEVICE_FAMILY = "1,2";
				TEST_TARGET_NAME = heal_your_heart;
			};
			name = Debug;
		};
		95C6BC8125242343008B28AD /* Release */ = {
			isa = XCBuildConfiguration;
			baseConfigurationReference = D5388A86B70114C7AC6EB367 /* Pods-heal_your_heart-heal_your_heartUITests.release.xcconfig */;
			buildSettings = {
				ALWAYS_EMBED_SWIFT_STANDARD_LIBRARIES = YES;
				CODE_SIGN_STYLE = Automatic;
				DEVELOPMENT_TEAM = 7RFPAQ2NAA;
				INFOPLIST_FILE = heal_your_heartUITests/Info.plist;
				LD_RUNPATH_SEARCH_PATHS = (
					"$(inherited)",
					"@executable_path/Frameworks",
					"@loader_path/Frameworks",
				);
				PRODUCT_BUNDLE_IDENTIFIER = "com.shino.heal-your-heartUITests";
				PRODUCT_NAME = "$(TARGET_NAME)";
				SWIFT_VERSION = 5.0;
				TARGETED_DEVICE_FAMILY = "1,2";
				TEST_TARGET_NAME = heal_your_heart;
			};
			name = Release;
		};
/* End XCBuildConfiguration section */

/* Begin XCConfigurationList section */
		95C6BC4A25242340008B28AD /* Build configuration list for PBXProject "heal_your_heart" */ = {
			isa = XCConfigurationList;
			buildConfigurations = (
				95C6BC7725242343008B28AD /* Debug */,
				95C6BC7825242343008B28AD /* Release */,
			);
			defaultConfigurationIsVisible = 0;
			defaultConfigurationName = Release;
		};
		95C6BC7925242343008B28AD /* Build configuration list for PBXNativeTarget "heal_your_heart" */ = {
			isa = XCConfigurationList;
			buildConfigurations = (
				95C6BC7A25242343008B28AD /* Debug */,
				95C6BC7B25242343008B28AD /* Release */,
			);
			defaultConfigurationIsVisible = 0;
			defaultConfigurationName = Release;
		};
		95C6BC7C25242343008B28AD /* Build configuration list for PBXNativeTarget "heal_your_heartTests" */ = {
			isa = XCConfigurationList;
			buildConfigurations = (
				95C6BC7D25242343008B28AD /* Debug */,
				95C6BC7E25242343008B28AD /* Release */,
			);
			defaultConfigurationIsVisible = 0;
			defaultConfigurationName = Release;
		};
		95C6BC7F25242343008B28AD /* Build configuration list for PBXNativeTarget "heal_your_heartUITests" */ = {
			isa = XCConfigurationList;
			buildConfigurations = (
				95C6BC8025242343008B28AD /* Debug */,
				95C6BC8125242343008B28AD /* Release */,
			);
			defaultConfigurationIsVisible = 0;
			defaultConfigurationName = Release;
		};
/* End XCConfigurationList section */
	};
	rootObject = 95C6BC472524233F008B28AD /* Project object */;
}
