// !$*UTF8*$!
{
	archiveVersion = 1;
	classes = {
	};
	objectVersion = 51;
	objects = {

/* Begin PBXBuildFile section */
		3E7DFC2177CB862DAE93C28C /* Pods_heal_your_heart_heal_your_heartUITests.framework in Frameworks */ = {isa = PBXBuildFile; fileRef = 3EE705BC3DCB0509751D3BA2 /* Pods_heal_your_heart_heal_your_heartUITests.framework */; };
		51CDFA373D16A27C0A008465 /* Pods_heal_your_heartTests.framework in Frameworks */ = {isa = PBXBuildFile; fileRef = 157F59941823312C7F76777C /* Pods_heal_your_heartTests.framework */; };
		9533BE6F252C37D0005068DD /* ProfileViewController.swift in Sources */ = {isa = PBXBuildFile; fileRef = 9533BE6E252C37D0005068DD /* ProfileViewController.swift */; };
		953C373B254C03A60008DD7F /* EditViewController.swift in Sources */ = {isa = PBXBuildFile; fileRef = 953C373A254C03A60008DD7F /* EditViewController.swift */; };
		9545219E2535D552005FB9B3 /* NoCommentTableViewCell.swift in Sources */ = {isa = PBXBuildFile; fileRef = 9545219C2535D552005FB9B3 /* NoCommentTableViewCell.swift */; };
		9545219F2535D552005FB9B3 /* NoCommentTableViewCell.xib in Resources */ = {isa = PBXBuildFile; fileRef = 9545219D2535D552005FB9B3 /* NoCommentTableViewCell.xib */; };
		954D2F092524283100405DEC /* TimelineViewController.swift in Sources */ = {isa = PBXBuildFile; fileRef = 954D2F082524283100405DEC /* TimelineViewController.swift */; };
		954D2F2425243E0200405DEC /* SearchViewController.swift in Sources */ = {isa = PBXBuildFile; fileRef = 954D2F2325243E0200405DEC /* SearchViewController.swift */; };
		954D2F2925243E1700405DEC /* NotificationViewController.swift in Sources */ = {isa = PBXBuildFile; fileRef = 954D2F2825243E1700405DEC /* NotificationViewController.swift */; };
		954D2F372524441B00405DEC /* Extensions.swift in Sources */ = {isa = PBXBuildFile; fileRef = 954D2F362524441B00405DEC /* Extensions.swift */; };
		9554927C252C262B002C1EF2 /* Profile.swift in Sources */ = {isa = PBXBuildFile; fileRef = 9554927B252C262B002C1EF2 /* Profile.swift */; };
		958A5C0C25287F2600F87BB5 /* GoogleService-Info.plist in Resources */ = {isa = PBXBuildFile; fileRef = 958A5C0B25287F2600F87BB5 /* GoogleService-Info.plist */; };
		958A5C3B2528858A00F87BB5 /* FirestoreManager.swift in Sources */ = {isa = PBXBuildFile; fileRef = 958A5C3A2528858A00F87BB5 /* FirestoreManager.swift */; };
		958A5C402528859F00F87BB5 /* StorageManager.swift in Sources */ = {isa = PBXBuildFile; fileRef = 958A5C3F2528859F00F87BB5 /* StorageManager.swift */; };
		95C0231C252B0052006F536D /* LoginRegisterViewController.swift in Sources */ = {isa = PBXBuildFile; fileRef = 95C0231B252B0052006F536D /* LoginRegisterViewController.swift */; };
		95C6BC5325242340008B28AD /* AppDelegate.swift in Sources */ = {isa = PBXBuildFile; fileRef = 95C6BC5225242340008B28AD /* AppDelegate.swift */; };
		95C6BC5525242340008B28AD /* SceneDelegate.swift in Sources */ = {isa = PBXBuildFile; fileRef = 95C6BC5425242340008B28AD /* SceneDelegate.swift */; };
		95C6BC5A25242340008B28AD /* Main.storyboard in Resources */ = {isa = PBXBuildFile; fileRef = 95C6BC5825242340008B28AD /* Main.storyboard */; };
		95C6BC5C25242343008B28AD /* Assets.xcassets in Resources */ = {isa = PBXBuildFile; fileRef = 95C6BC5B25242343008B28AD /* Assets.xcassets */; };
		95C6BC5F25242343008B28AD /* LaunchScreen.storyboard in Resources */ = {isa = PBXBuildFile; fileRef = 95C6BC5D25242343008B28AD /* LaunchScreen.storyboard */; };
		95C6BC6A25242343008B28AD /* heal_your_heartTests.swift in Sources */ = {isa = PBXBuildFile; fileRef = 95C6BC6925242343008B28AD /* heal_your_heartTests.swift */; };
		95C6BC7525242343008B28AD /* heal_your_heartUITests.swift in Sources */ = {isa = PBXBuildFile; fileRef = 95C6BC7425242343008B28AD /* heal_your_heartUITests.swift */; };
		95C6BCA1252424F8008B28AD /* SettingsViewController.swift in Sources */ = {isa = PBXBuildFile; fileRef = 95C6BCA0252424F8008B28AD /* SettingsViewController.swift */; };
		95C6BCAA2524251A008B28AD /* PostViewController.swift in Sources */ = {isa = PBXBuildFile; fileRef = 95C6BCA92524251A008B28AD /* PostViewController.swift */; };
		95D377F72526026E00D22385 /* PostTableViewCell.swift in Sources */ = {isa = PBXBuildFile; fileRef = 95D377F52526026E00D22385 /* PostTableViewCell.swift */; };
		95D377F82526026E00D22385 /* PostTableViewCell.xib in Resources */ = {isa = PBXBuildFile; fileRef = 95D377F62526026E00D22385 /* PostTableViewCell.xib */; };
		95D377FD2526E85800D22385 /* PostDetailViewController.swift in Sources */ = {isa = PBXBuildFile; fileRef = 95D377FC2526E85800D22385 /* PostDetailViewController.swift */; };
		95D378062526EB2300D22385 /* Post.swift in Sources */ = {isa = PBXBuildFile; fileRef = 95D378052526EB2300D22385 /* Post.swift */; };
		95EA03C482A8C3414FA90498 /* Pods_heal_your_heart.framework in Frameworks */ = {isa = PBXBuildFile; fileRef = D02D6A305C4B3740336503A4 /* Pods_heal_your_heart.framework */; };
		95F9960D25273949008FA3E5 /* Comment.swift in Sources */ = {isa = PBXBuildFile; fileRef = 95F9960C25273949008FA3E5 /* Comment.swift */; };
		95F9961325273C27008FA3E5 /* NotificationTableViewCell.swift in Sources */ = {isa = PBXBuildFile; fileRef = 95F9961125273C27008FA3E5 /* NotificationTableViewCell.swift */; };
		95F9961425273C27008FA3E5 /* NotificationTableViewCell.xib in Resources */ = {isa = PBXBuildFile; fileRef = 95F9961225273C27008FA3E5 /* NotificationTableViewCell.xib */; };
		95FA16282540575500E755D7 /* MyPostViewController.swift in Sources */ = {isa = PBXBuildFile; fileRef = 95FA16272540575500E755D7 /* MyPostViewController.swift */; };
		95FA162D2541675000E755D7 /* Like.swift in Sources */ = {isa = PBXBuildFile; fileRef = 95FA162C2541675000E755D7 /* Like.swift */; };
		95FA16352542C03B00E755D7 /* Notification.swift in Sources */ = {isa = PBXBuildFile; fileRef = 95FA16342542C03B00E755D7 /* Notification.swift */; };
		95FE2483252700DA00061EBA /* CommentTableViewCell.swift in Sources */ = {isa = PBXBuildFile; fileRef = 95FE2481252700DA00061EBA /* CommentTableViewCell.swift */; };
		95FE2484252700DA00061EBA /* CommentTableViewCell.xib in Resources */ = {isa = PBXBuildFile; fileRef = 95FE2482252700DA00061EBA /* CommentTableViewCell.xib */; };
/* End PBXBuildFile section */

/* Begin PBXContainerItemProxy section */
		95C6BC6625242343008B28AD /* PBXContainerItemProxy */ = {
			isa = PBXContainerItemProxy;
			containerPortal = 95C6BC472524233F008B28AD /* Project object */;
			proxyType = 1;
			remoteGlobalIDString = 95C6BC4E25242340008B28AD;
			remoteInfo = heal_your_heart;
		};
		95C6BC7125242343008B28AD /* PBXContainerItemProxy */ = {
			isa = PBXContainerItemProxy;
			containerPortal = 95C6BC472524233F008B28AD /* Project object */;
			proxyType = 1;
			remoteGlobalIDString = 95C6BC4E25242340008B28AD;
			remoteInfo = heal_your_heart;
		};
/* End PBXContainerItemProxy section */

/* Begin PBXFileReference section */
		157F59941823312C7F76777C /* Pods_heal_your_heartTests.framework */ = {isa = PBXFileReference; explicitFileType = wrapper.framework; includeInIndex = 0; path = Pods_heal_your_heartTests.framework; sourceTree = BUILT_PRODUCTS_DIR; };
		3EE705BC3DCB0509751D3BA2 /* Pods_heal_your_heart_heal_your_heartUITests.framework */ = {isa = PBXFileReference; explicitFileType = wrapper.framework; includeInIndex = 0; path = Pods_heal_your_heart_heal_your_heartUITests.framework; sourceTree = BUILT_PRODUCTS_DIR; };
		9533BE6E252C37D0005068DD /* ProfileViewController.swift */ = {isa = PBXFileReference; lastKnownFileType = sourcecode.swift; path = ProfileViewController.swift; sourceTree = "<group>"; };
		953C373A254C03A60008DD7F /* EditViewController.swift */ = {isa = PBXFileReference; lastKnownFileType = sourcecode.swift; path = EditViewController.swift; sourceTree = "<group>"; };
		9545219C2535D552005FB9B3 /* NoCommentTableViewCell.swift */ = {isa = PBXFileReference; lastKnownFileType = sourcecode.swift; path = NoCommentTableViewCell.swift; sourceTree = "<group>"; };
		9545219D2535D552005FB9B3 /* NoCommentTableViewCell.xib */ = {isa = PBXFileReference; lastKnownFileType = file.xib; path = NoCommentTableViewCell.xib; sourceTree = "<group>"; };
		954D2F082524283100405DEC /* TimelineViewController.swift */ = {isa = PBXFileReference; lastKnownFileType = sourcecode.swift; path = TimelineViewController.swift; sourceTree = "<group>"; };
		954D2F2325243E0200405DEC /* SearchViewController.swift */ = {isa = PBXFileReference; lastKnownFileType = sourcecode.swift; path = SearchViewController.swift; sourceTree = "<group>"; };
		954D2F2825243E1700405DEC /* NotificationViewController.swift */ = {isa = PBXFileReference; lastKnownFileType = sourcecode.swift; path = NotificationViewController.swift; sourceTree = "<group>"; };
		954D2F362524441B00405DEC /* Extensions.swift */ = {isa = PBXFileReference; lastKnownFileType = sourcecode.swift; path = Extensions.swift; sourceTree = "<group>"; };
		9554927B252C262B002C1EF2 /* Profile.swift */ = {isa = PBXFileReference; lastKnownFileType = sourcecode.swift; path = Profile.swift; sourceTree = "<group>"; };
		958A5C0B25287F2600F87BB5 /* GoogleService-Info.plist */ = {isa = PBXFileReference; fileEncoding = 4; lastKnownFileType = text.plist.xml; path = "GoogleService-Info.plist"; sourceTree = "<group>"; };
		958A5C3A2528858A00F87BB5 /* FirestoreManager.swift */ = {isa = PBXFileReference; lastKnownFileType = sourcecode.swift; path = FirestoreManager.swift; sourceTree = "<group>"; };
		958A5C3F2528859F00F87BB5 /* StorageManager.swift */ = {isa = PBXFileReference; lastKnownFileType = sourcecode.swift; path = StorageManager.swift; sourceTree = "<group>"; };
		95C0231B252B0052006F536D /* LoginRegisterViewController.swift */ = {isa = PBXFileReference; lastKnownFileType = sourcecode.swift; path = LoginRegisterViewController.swift; sourceTree = "<group>"; };
		95C6BC4F25242340008B28AD /* heal_your_heart.app */ = {isa = PBXFileReference; explicitFileType = wrapper.application; includeInIndex = 0; path = heal_your_heart.app; sourceTree = BUILT_PRODUCTS_DIR; };
		95C6BC5225242340008B28AD /* AppDelegate.swift */ = {isa = PBXFileReference; lastKnownFileType = sourcecode.swift; path = AppDelegate.swift; sourceTree = "<group>"; };
		95C6BC5425242340008B28AD /* SceneDelegate.swift */ = {isa = PBXFileReference; lastKnownFileType = sourcecode.swift; path = SceneDelegate.swift; sourceTree = "<group>"; };
		95C6BC5925242340008B28AD /* Base */ = {isa = PBXFileReference; lastKnownFileType = file.storyboard; name = Base; path = Base.lproj/Main.storyboard; sourceTree = "<group>"; };
		95C6BC5B25242343008B28AD /* Assets.xcassets */ = {isa = PBXFileReference; lastKnownFileType = folder.assetcatalog; path = Assets.xcassets; sourceTree = "<group>"; };
		95C6BC5E25242343008B28AD /* Base */ = {isa = PBXFileReference; lastKnownFileType = file.storyboard; name = Base; path = Base.lproj/LaunchScreen.storyboard; sourceTree = "<group>"; };
		95C6BC6025242343008B28AD /* Info.plist */ = {isa = PBXFileReference; lastKnownFileType = text.plist.xml; path = Info.plist; sourceTree = "<group>"; };
		95C6BC6525242343008B28AD /* heal_your_heartTests.xctest */ = {isa = PBXFileReference; explicitFileType = wrapper.cfbundle; includeInIndex = 0; path = heal_your_heartTests.xctest; sourceTree = BUILT_PRODUCTS_DIR; };
		95C6BC6925242343008B28AD /* heal_your_heartTests.swift */ = {isa = PBXFileReference; lastKnownFileType = sourcecode.swift; path = heal_your_heartTests.swift; sourceTree = "<group>"; };
		95C6BC6B25242343008B28AD /* Info.plist */ = {isa = PBXFileReference; lastKnownFileType = text.plist.xml; path = Info.plist; sourceTree = "<group>"; };
		95C6BC7025242343008B28AD /* heal_your_heartUITests.xctest */ = {isa = PBXFileReference; explicitFileType = wrapper.cfbundle; includeInIndex = 0; path = heal_your_heartUITests.xctest; sourceTree = BUILT_PRODUCTS_DIR; };
		95C6BC7425242343008B28AD /* heal_your_heartUITests.swift */ = {isa = PBXFileReference; lastKnownFileType = sourcecode.swift; path = heal_your_heartUITests.swift; sourceTree = "<group>"; };
		95C6BC7625242343008B28AD /* Info.plist */ = {isa = PBXFileReference; lastKnownFileType = text.plist.xml; path = Info.plist; sourceTree = "<group>"; };
		95C6BCA0252424F8008B28AD /* SettingsViewController.swift */ = {isa = PBXFileReference; lastKnownFileType = sourcecode.swift; path = SettingsViewController.swift; sourceTree = "<group>"; };
		95C6BCA92524251A008B28AD /* PostViewController.swift */ = {isa = PBXFileReference; lastKnownFileType = sourcecode.swift; path = PostViewController.swift; sourceTree = "<group>"; };
		95D377F52526026E00D22385 /* PostTableViewCell.swift */ = {isa = PBXFileReference; lastKnownFileType = sourcecode.swift; path = PostTableViewCell.swift; sourceTree = "<group>"; };
		95D377F62526026E00D22385 /* PostTableViewCell.xib */ = {isa = PBXFileReference; lastKnownFileType = file.xib; path = PostTableViewCell.xib; sourceTree = "<group>"; };
		95D377FC2526E85800D22385 /* PostDetailViewController.swift */ = {isa = PBXFileReference; lastKnownFileType = sourcecode.swift; path = PostDetailViewController.swift; sourceTree = "<group>"; };
		95D378052526EB2300D22385 /* Post.swift */ = {isa = PBXFileReference; lastKnownFileType = sourcecode.swift; path = Post.swift; sourceTree = "<group>"; };
		95F9960C25273949008FA3E5 /* Comment.swift */ = {isa = PBXFileReference; lastKnownFileType = sourcecode.swift; path = Comment.swift; sourceTree = "<group>"; };
		95F9961125273C27008FA3E5 /* NotificationTableViewCell.swift */ = {isa = PBXFileReference; lastKnownFileType = sourcecode.swift; path = NotificationTableViewCell.swift; sourceTree = "<group>"; };
		95F9961225273C27008FA3E5 /* NotificationTableViewCell.xib */ = {isa = PBXFileReference; lastKnownFileType = file.xib; path = NotificationTableViewCell.xib; sourceTree = "<group>"; };
		95FA16272540575500E755D7 /* MyPostViewController.swift */ = {isa = PBXFileReference; lastKnownFileType = sourcecode.swift; path = MyPostViewController.swift; sourceTree = "<group>"; };
		95FA162C2541675000E755D7 /* Like.swift */ = {isa = PBXFileReference; lastKnownFileType = sourcecode.swift; path = Like.swift; sourceTree = "<group>"; };
		95FA16342542C03B00E755D7 /* Notification.swift */ = {isa = PBXFileReference; lastKnownFileType = sourcecode.swift; path = Notification.swift; sourceTree = "<group>"; };
		95FE2481252700DA00061EBA /* CommentTableViewCell.swift */ = {isa = PBXFileReference; lastKnownFileType = sourcecode.swift; path = CommentTableViewCell.swift; sourceTree = "<group>"; };
		95FE2482252700DA00061EBA /* CommentTableViewCell.xib */ = {isa = PBXFileReference; lastKnownFileType = file.xib; path = CommentTableViewCell.xib; sourceTree = "<group>"; };
		A7EAA217CC9EA7002FA95967 /* Pods-heal_your_heartTests.debug.xcconfig */ = {isa = PBXFileReference; includeInIndex = 1; lastKnownFileType = text.xcconfig; name = "Pods-heal_your_heartTests.debug.xcconfig"; path = "Target Support Files/Pods-heal_your_heartTests/Pods-heal_your_heartTests.debug.xcconfig"; sourceTree = "<group>"; };
		AC92670D8163C54EBC83D951 /* Pods-heal_your_heart-heal_your_heartUITests.release.xcconfig */ = {isa = PBXFileReference; includeInIndex = 1; lastKnownFileType = text.xcconfig; name = "Pods-heal_your_heart-heal_your_heartUITests.release.xcconfig"; path = "Target Support Files/Pods-heal_your_heart-heal_your_heartUITests/Pods-heal_your_heart-heal_your_heartUITests.release.xcconfig"; sourceTree = "<group>"; };
		B3A2B7A3656E7F111AE6FB0A /* Pods-heal_your_heart.release.xcconfig */ = {isa = PBXFileReference; includeInIndex = 1; lastKnownFileType = text.xcconfig; name = "Pods-heal_your_heart.release.xcconfig"; path = "Target Support Files/Pods-heal_your_heart/Pods-heal_your_heart.release.xcconfig"; sourceTree = "<group>"; };
		D02D6A305C4B3740336503A4 /* Pods_heal_your_heart.framework */ = {isa = PBXFileReference; explicitFileType = wrapper.framework; includeInIndex = 0; path = Pods_heal_your_heart.framework; sourceTree = BUILT_PRODUCTS_DIR; };
		D8099404EF4F025CC733CE8B /* Pods-heal_your_heart.debug.xcconfig */ = {isa = PBXFileReference; includeInIndex = 1; lastKnownFileType = text.xcconfig; name = "Pods-heal_your_heart.debug.xcconfig"; path = "Target Support Files/Pods-heal_your_heart/Pods-heal_your_heart.debug.xcconfig"; sourceTree = "<group>"; };
		DEB9A3CCCC22AFC007FFE3A3 /* Pods-heal_your_heartTests.release.xcconfig */ = {isa = PBXFileReference; includeInIndex = 1; lastKnownFileType = text.xcconfig; name = "Pods-heal_your_heartTests.release.xcconfig"; path = "Target Support Files/Pods-heal_your_heartTests/Pods-heal_your_heartTests.release.xcconfig"; sourceTree = "<group>"; };
		E33582147D83E0B9D677D0B0 /* Pods-heal_your_heart-heal_your_heartUITests.debug.xcconfig */ = {isa = PBXFileReference; includeInIndex = 1; lastKnownFileType = text.xcconfig; name = "Pods-heal_your_heart-heal_your_heartUITests.debug.xcconfig"; path = "Target Support Files/Pods-heal_your_heart-heal_your_heartUITests/Pods-heal_your_heart-heal_your_heartUITests.debug.xcconfig"; sourceTree = "<group>"; };
/* End PBXFileReference section */

/* Begin PBXFrameworksBuildPhase section */
		95C6BC4C25242340008B28AD /* Frameworks */ = {
			isa = PBXFrameworksBuildPhase;
			buildActionMask = 2147483647;
			files = (
				95EA03C482A8C3414FA90498 /* Pods_heal_your_heart.framework in Frameworks */,
			);
			runOnlyForDeploymentPostprocessing = 0;
		};
		95C6BC6225242343008B28AD /* Frameworks */ = {
			isa = PBXFrameworksBuildPhase;
			buildActionMask = 2147483647;
			files = (
				51CDFA373D16A27C0A008465 /* Pods_heal_your_heartTests.framework in Frameworks */,
			);
			runOnlyForDeploymentPostprocessing = 0;
		};
		95C6BC6D25242343008B28AD /* Frameworks */ = {
			isa = PBXFrameworksBuildPhase;
			buildActionMask = 2147483647;
			files = (
				3E7DFC2177CB862DAE93C28C /* Pods_heal_your_heart_heal_your_heartUITests.framework in Frameworks */,
			);
			runOnlyForDeploymentPostprocessing = 0;
		};
/* End PBXFrameworksBuildPhase section */

/* Begin PBXGroup section */
		26ED1B427CE45518DEA9C619 /* Frameworks */ = {
			isa = PBXGroup;
			children = (
				D02D6A305C4B3740336503A4 /* Pods_heal_your_heart.framework */,
				3EE705BC3DCB0509751D3BA2 /* Pods_heal_your_heart_heal_your_heartUITests.framework */,
				157F59941823312C7F76777C /* Pods_heal_your_heartTests.framework */,
			);
			name = Frameworks;
			sourceTree = "<group>";
		};
		334D145EA8B5E402E5E9286C /* Pods */ = {
			isa = PBXGroup;
			children = (
				D8099404EF4F025CC733CE8B /* Pods-heal_your_heart.debug.xcconfig */,
				B3A2B7A3656E7F111AE6FB0A /* Pods-heal_your_heart.release.xcconfig */,
				E33582147D83E0B9D677D0B0 /* Pods-heal_your_heart-heal_your_heartUITests.debug.xcconfig */,
				AC92670D8163C54EBC83D951 /* Pods-heal_your_heart-heal_your_heartUITests.release.xcconfig */,
				A7EAA217CC9EA7002FA95967 /* Pods-heal_your_heartTests.debug.xcconfig */,
				DEB9A3CCCC22AFC007FFE3A3 /* Pods-heal_your_heartTests.release.xcconfig */,
			);
			path = Pods;
			sourceTree = "<group>";
		};
		954521AB2536B096005FB9B3 /* Post */ = {
			isa = PBXGroup;
			children = (
				95D377F52526026E00D22385 /* PostTableViewCell.swift */,
				95D377F62526026E00D22385 /* PostTableViewCell.xib */,
			);
			path = Post;
			sourceTree = "<group>";
		};
		954521B92536B0C4005FB9B3 /* Comment */ = {
			isa = PBXGroup;
			children = (
				95FE2481252700DA00061EBA /* CommentTableViewCell.swift */,
				95FE2482252700DA00061EBA /* CommentTableViewCell.xib */,
			);
			path = Comment;
			sourceTree = "<group>";
		};
		954521BD2536B0D1005FB9B3 /* Notification */ = {
			isa = PBXGroup;
			children = (
				95F9961125273C27008FA3E5 /* NotificationTableViewCell.swift */,
				95F9961225273C27008FA3E5 /* NotificationTableViewCell.xib */,
			);
			path = Notification;
			sourceTree = "<group>";
		};
		954521C12536B0DC005FB9B3 /* NoComment */ = {
			isa = PBXGroup;
			children = (
				9545219C2535D552005FB9B3 /* NoCommentTableViewCell.swift */,
				9545219D2535D552005FB9B3 /* NoCommentTableViewCell.xib */,
			);
			path = NoComment;
			sourceTree = "<group>";
		};
		954D2F2D2524417800405DEC /* Views */ = {
			isa = PBXGroup;
			children = (
				954521AB2536B096005FB9B3 /* Post */,
				954521B92536B0C4005FB9B3 /* Comment */,
				954521BD2536B0D1005FB9B3 /* Notification */,
				954521C12536B0DC005FB9B3 /* NoComment */,
			);
			path = Views;
			sourceTree = "<group>";
		};
		95649CE0252746670047C4C0 /* Action */ = {
			isa = PBXGroup;
			children = (
				95C0231B252B0052006F536D /* LoginRegisterViewController.swift */,
				95C6BCA92524251A008B28AD /* PostViewController.swift */,
				95D377FC2526E85800D22385 /* PostDetailViewController.swift */,
				9533BE6E252C37D0005068DD /* ProfileViewController.swift */,
				95FA16272540575500E755D7 /* MyPostViewController.swift */,
				953C373A254C03A60008DD7F /* EditViewController.swift */,
			);
			path = Action;
			sourceTree = "<group>";
		};
		958A5C312528856800F87BB5 /* Firebase */ = {
			isa = PBXGroup;
			children = (
				958A5C3A2528858A00F87BB5 /* FirestoreManager.swift */,
				958A5C3F2528859F00F87BB5 /* StorageManager.swift */,
			);
			path = Firebase;
			sourceTree = "<group>";
		};
		95C6BC462524233F008B28AD = {
			isa = PBXGroup;
			children = (
				95C6BC5125242340008B28AD /* heal_your_heart */,
				95C6BC6825242343008B28AD /* heal_your_heartTests */,
				95C6BC7325242343008B28AD /* heal_your_heartUITests */,
				95C6BC5025242340008B28AD /* Products */,
				334D145EA8B5E402E5E9286C /* Pods */,
				26ED1B427CE45518DEA9C619 /* Frameworks */,
			);
			sourceTree = "<group>";
		};
		95C6BC5025242340008B28AD /* Products */ = {
			isa = PBXGroup;
			children = (
				95C6BC4F25242340008B28AD /* heal_your_heart.app */,
				95C6BC6525242343008B28AD /* heal_your_heartTests.xctest */,
				95C6BC7025242343008B28AD /* heal_your_heartUITests.xctest */,
			);
			name = Products;
			sourceTree = "<group>";
		};
		95C6BC5125242340008B28AD /* heal_your_heart */ = {
			isa = PBXGroup;
			children = (
				95D378042526EB0F00D22385 /* Models */,
				954D2F2D2524417800405DEC /* Views */,
				95C6BC8A252423A8008B28AD /* Controllers */,
				95C6BC8925242384008B28AD /* Storyboards */,
				95C6BC8525242374008B28AD /* Resources */,
				95C6BC6025242343008B28AD /* Info.plist */,
				958A5C0B25287F2600F87BB5 /* GoogleService-Info.plist */,
			);
			path = heal_your_heart;
			sourceTree = "<group>";
		};
		95C6BC6825242343008B28AD /* heal_your_heartTests */ = {
			isa = PBXGroup;
			children = (
				95C6BC6925242343008B28AD /* heal_your_heartTests.swift */,
				95C6BC6B25242343008B28AD /* Info.plist */,
			);
			path = heal_your_heartTests;
			sourceTree = "<group>";
		};
		95C6BC7325242343008B28AD /* heal_your_heartUITests */ = {
			isa = PBXGroup;
			children = (
				95C6BC7425242343008B28AD /* heal_your_heartUITests.swift */,
				95C6BC7625242343008B28AD /* Info.plist */,
			);
			path = heal_your_heartUITests;
			sourceTree = "<group>";
		};
		95C6BC8525242374008B28AD /* Resources */ = {
			isa = PBXGroup;
			children = (
				958A5C312528856800F87BB5 /* Firebase */,
				95C6BC5225242340008B28AD /* AppDelegate.swift */,
				95C6BC5425242340008B28AD /* SceneDelegate.swift */,
				95C6BC5B25242343008B28AD /* Assets.xcassets */,
				954D2F362524441B00405DEC /* Extensions.swift */,
			);
			path = Resources;
			sourceTree = "<group>";
		};
		95C6BC8925242384008B28AD /* Storyboards */ = {
			isa = PBXGroup;
			children = (
				95C6BC5825242340008B28AD /* Main.storyboard */,
				95C6BC5D25242343008B28AD /* LaunchScreen.storyboard */,
			);
			path = Storyboards;
			sourceTree = "<group>";
		};
		95C6BC8A252423A8008B28AD /* Controllers */ = {
			isa = PBXGroup;
			children = (
				95649CE0252746670047C4C0 /* Action */,
				95C6BCA525242501008B28AD /* Main */,
			);
			path = Controllers;
			sourceTree = "<group>";
		};
		95C6BCA525242501008B28AD /* Main */ = {
			isa = PBXGroup;
			children = (
				954D2F082524283100405DEC /* TimelineViewController.swift */,
				954D2F2325243E0200405DEC /* SearchViewController.swift */,
				954D2F2825243E1700405DEC /* NotificationViewController.swift */,
				95C6BCA0252424F8008B28AD /* SettingsViewController.swift */,
			);
			path = Main;
			sourceTree = "<group>";
		};
		95D378042526EB0F00D22385 /* Models */ = {
			isa = PBXGroup;
			children = (
				95D378052526EB2300D22385 /* Post.swift */,
				95F9960C25273949008FA3E5 /* Comment.swift */,
				9554927B252C262B002C1EF2 /* Profile.swift */,
				95FA162C2541675000E755D7 /* Like.swift */,
				95FA16342542C03B00E755D7 /* Notification.swift */,
			);
			path = Models;
			sourceTree = "<group>";
		};
/* End PBXGroup section */

/* Begin PBXNativeTarget section */
		95C6BC4E25242340008B28AD /* heal_your_heart */ = {
			isa = PBXNativeTarget;
			buildConfigurationList = 95C6BC7925242343008B28AD /* Build configuration list for PBXNativeTarget "heal_your_heart" */;
			buildPhases = (
				2528CBAF1D4C101F64322B7A /* [CP] Check Pods Manifest.lock */,
				95C6BC4B25242340008B28AD /* Sources */,
				95C6BC4C25242340008B28AD /* Frameworks */,
				95C6BC4D25242340008B28AD /* Resources */,
				1EB9F9F69DA4C10E5336C5B2 /* [CP] Embed Pods Frameworks */,
			);
			buildRules = (
			);
			dependencies = (
			);
			name = heal_your_heart;
			productName = heal_your_heart;
			productReference = 95C6BC4F25242340008B28AD /* heal_your_heart.app */;
			productType = "com.apple.product-type.application";
		};
		95C6BC6425242343008B28AD /* heal_your_heartTests */ = {
			isa = PBXNativeTarget;
			buildConfigurationList = 95C6BC7C25242343008B28AD /* Build configuration list for PBXNativeTarget "heal_your_heartTests" */;
			buildPhases = (
				64F607F53214F1E56286A352 /* [CP] Check Pods Manifest.lock */,
				95C6BC6125242343008B28AD /* Sources */,
				95C6BC6225242343008B28AD /* Frameworks */,
				95C6BC6325242343008B28AD /* Resources */,
			);
			buildRules = (
			);
			dependencies = (
				95C6BC6725242343008B28AD /* PBXTargetDependency */,
			);
			name = heal_your_heartTests;
			productName = heal_your_heartTests;
			productReference = 95C6BC6525242343008B28AD /* heal_your_heartTests.xctest */;
			productType = "com.apple.product-type.bundle.unit-test";
		};
		95C6BC6F25242343008B28AD /* heal_your_heartUITests */ = {
			isa = PBXNativeTarget;
			buildConfigurationList = 95C6BC7F25242343008B28AD /* Build configuration list for PBXNativeTarget "heal_your_heartUITests" */;
			buildPhases = (
				4F9C8B1663D9F80B56F8FF58 /* [CP] Check Pods Manifest.lock */,
				95C6BC6C25242343008B28AD /* Sources */,
				95C6BC6D25242343008B28AD /* Frameworks */,
				95C6BC6E25242343008B28AD /* Resources */,
				E49BAD1507D1AB329A957191 /* [CP] Embed Pods Frameworks */,
			);
			buildRules = (
			);
			dependencies = (
				95C6BC7225242343008B28AD /* PBXTargetDependency */,
			);
			name = heal_your_heartUITests;
			productName = heal_your_heartUITests;
			productReference = 95C6BC7025242343008B28AD /* heal_your_heartUITests.xctest */;
			productType = "com.apple.product-type.bundle.ui-testing";
		};
/* End PBXNativeTarget section */

/* Begin PBXProject section */
		95C6BC472524233F008B28AD /* Project object */ = {
			isa = PBXProject;
			attributes = {
				LastSwiftUpdateCheck = 1200;
				LastUpgradeCheck = 1200;
				TargetAttributes = {
					95C6BC4E25242340008B28AD = {
						CreatedOnToolsVersion = 12.0.1;
					};
					95C6BC6425242343008B28AD = {
						CreatedOnToolsVersion = 12.0.1;
						TestTargetID = 95C6BC4E25242340008B28AD;
					};
					95C6BC6F25242343008B28AD = {
						CreatedOnToolsVersion = 12.0.1;
						TestTargetID = 95C6BC4E25242340008B28AD;
					};
				};
			};
			buildConfigurationList = 95C6BC4A25242340008B28AD /* Build configuration list for PBXProject "heal_your_heart" */;
			compatibilityVersion = "Xcode 9.3";
			developmentRegion = en;
			hasScannedForEncodings = 0;
			knownRegions = (
				en,
				Base,
			);
			mainGroup = 95C6BC462524233F008B28AD;
			productRefGroup = 95C6BC5025242340008B28AD /* Products */;
			projectDirPath = "";
			projectRoot = "";
			targets = (
				95C6BC4E25242340008B28AD /* heal_your_heart */,
				95C6BC6425242343008B28AD /* heal_your_heartTests */,
				95C6BC6F25242343008B28AD /* heal_your_heartUITests */,
			);
		};
/* End PBXProject section */

/* Begin PBXResourcesBuildPhase section */
		95C6BC4D25242340008B28AD /* Resources */ = {
			isa = PBXResourcesBuildPhase;
			buildActionMask = 2147483647;
			files = (
				9545219F2535D552005FB9B3 /* NoCommentTableViewCell.xib in Resources */,
				95C6BC5F25242343008B28AD /* LaunchScreen.storyboard in Resources */,
				95FE2484252700DA00061EBA /* CommentTableViewCell.xib in Resources */,
				95C6BC5C25242343008B28AD /* Assets.xcassets in Resources */,
				95C6BC5A25242340008B28AD /* Main.storyboard in Resources */,
				95F9961425273C27008FA3E5 /* NotificationTableViewCell.xib in Resources */,
				95D377F82526026E00D22385 /* PostTableViewCell.xib in Resources */,
				958A5C0C25287F2600F87BB5 /* GoogleService-Info.plist in Resources */,
			);
			runOnlyForDeploymentPostprocessing = 0;
		};
		95C6BC6325242343008B28AD /* Resources */ = {
			isa = PBXResourcesBuildPhase;
			buildActionMask = 2147483647;
			files = (
			);
			runOnlyForDeploymentPostprocessing = 0;
		};
		95C6BC6E25242343008B28AD /* Resources */ = {
			isa = PBXResourcesBuildPhase;
			buildActionMask = 2147483647;
			files = (
			);
			runOnlyForDeploymentPostprocessing = 0;
		};
/* End PBXResourcesBuildPhase section */

/* Begin PBXShellScriptBuildPhase section */
		1EB9F9F69DA4C10E5336C5B2 /* [CP] Embed Pods Frameworks */ = {
			isa = PBXShellScriptBuildPhase;
			buildActionMask = 2147483647;
			files = (
			);
			inputFileListPaths = (
				"${PODS_ROOT}/Target Support Files/Pods-heal_your_heart/Pods-heal_your_heart-frameworks-${CONFIGURATION}-input-files.xcfilelist",
			);
			name = "[CP] Embed Pods Frameworks";
			outputFileListPaths = (
				"${PODS_ROOT}/Target Support Files/Pods-heal_your_heart/Pods-heal_your_heart-frameworks-${CONFIGURATION}-output-files.xcfilelist",
			);
			runOnlyForDeploymentPostprocessing = 0;
			shellPath = /bin/sh;
			shellScript = "\"${PODS_ROOT}/Target Support Files/Pods-heal_your_heart/Pods-heal_your_heart-frameworks.sh\"\n";
			showEnvVarsInLog = 0;
		};
		2528CBAF1D4C101F64322B7A /* [CP] Check Pods Manifest.lock */ = {
			isa = PBXShellScriptBuildPhase;
			buildActionMask = 2147483647;
			files = (
			);
			inputFileListPaths = (
			);
			inputPaths = (
				"${PODS_PODFILE_DIR_PATH}/Podfile.lock",
				"${PODS_ROOT}/Manifest.lock",
			);
			name = "[CP] Check Pods Manifest.lock";
			outputFileListPaths = (
			);
			outputPaths = (
				"$(DERIVED_FILE_DIR)/Pods-heal_your_heart-checkManifestLockResult.txt",
			);
			runOnlyForDeploymentPostprocessing = 0;
			shellPath = /bin/sh;
			shellScript = "diff \"${PODS_PODFILE_DIR_PATH}/Podfile.lock\" \"${PODS_ROOT}/Manifest.lock\" > /dev/null\nif [ $? != 0 ] ; then\n    # print error to STDERR\n    echo \"error: The sandbox is not in sync with the Podfile.lock. Run 'pod install' or update your CocoaPods installation.\" >&2\n    exit 1\nfi\n# This output is used by Xcode 'outputs' to avoid re-running this script phase.\necho \"SUCCESS\" > \"${SCRIPT_OUTPUT_FILE_0}\"\n";
			showEnvVarsInLog = 0;
		};
		4F9C8B1663D9F80B56F8FF58 /* [CP] Check Pods Manifest.lock */ = {
			isa = PBXShellScriptBuildPhase;
			buildActionMask = 2147483647;
			files = (
			);
			inputFileListPaths = (
			);
			inputPaths = (
				"${PODS_PODFILE_DIR_PATH}/Podfile.lock",
				"${PODS_ROOT}/Manifest.lock",
			);
			name = "[CP] Check Pods Manifest.lock";
			outputFileListPaths = (
			);
			outputPaths = (
				"$(DERIVED_FILE_DIR)/Pods-heal_your_heart-heal_your_heartUITests-checkManifestLockResult.txt",
			);
			runOnlyForDeploymentPostprocessing = 0;
			shellPath = /bin/sh;
			shellScript = "diff \"${PODS_PODFILE_DIR_PATH}/Podfile.lock\" \"${PODS_ROOT}/Manifest.lock\" > /dev/null\nif [ $? != 0 ] ; then\n    # print error to STDERR\n    echo \"error: The sandbox is not in sync with the Podfile.lock. Run 'pod install' or update your CocoaPods installation.\" >&2\n    exit 1\nfi\n# This output is used by Xcode 'outputs' to avoid re-running this script phase.\necho \"SUCCESS\" > \"${SCRIPT_OUTPUT_FILE_0}\"\n";
			showEnvVarsInLog = 0;
		};
		64F607F53214F1E56286A352 /* [CP] Check Pods Manifest.lock */ = {
			isa = PBXShellScriptBuildPhase;
			buildActionMask = 2147483647;
			files = (
			);
			inputFileListPaths = (
			);
			inputPaths = (
				"${PODS_PODFILE_DIR_PATH}/Podfile.lock",
				"${PODS_ROOT}/Manifest.lock",
			);
			name = "[CP] Check Pods Manifest.lock";
			outputFileListPaths = (
			);
			outputPaths = (
				"$(DERIVED_FILE_DIR)/Pods-heal_your_heartTests-checkManifestLockResult.txt",
			);
			runOnlyForDeploymentPostprocessing = 0;
			shellPath = /bin/sh;
			shellScript = "diff \"${PODS_PODFILE_DIR_PATH}/Podfile.lock\" \"${PODS_ROOT}/Manifest.lock\" > /dev/null\nif [ $? != 0 ] ; then\n    # print error to STDERR\n    echo \"error: The sandbox is not in sync with the Podfile.lock. Run 'pod install' or update your CocoaPods installation.\" >&2\n    exit 1\nfi\n# This output is used by Xcode 'outputs' to avoid re-running this script phase.\necho \"SUCCESS\" > \"${SCRIPT_OUTPUT_FILE_0}\"\n";
			showEnvVarsInLog = 0;
		};
		E49BAD1507D1AB329A957191 /* [CP] Embed Pods Frameworks */ = {
			isa = PBXShellScriptBuildPhase;
			buildActionMask = 2147483647;
			files = (
			);
			inputFileListPaths = (
				"${PODS_ROOT}/Target Support Files/Pods-heal_your_heart-heal_your_heartUITests/Pods-heal_your_heart-heal_your_heartUITests-frameworks-${CONFIGURATION}-input-files.xcfilelist",
			);
			name = "[CP] Embed Pods Frameworks";
			outputFileListPaths = (
				"${PODS_ROOT}/Target Support Files/Pods-heal_your_heart-heal_your_heartUITests/Pods-heal_your_heart-heal_your_heartUITests-frameworks-${CONFIGURATION}-output-files.xcfilelist",
			);
			runOnlyForDeploymentPostprocessing = 0;
			shellPath = /bin/sh;
			shellScript = "\"${PODS_ROOT}/Target Support Files/Pods-heal_your_heart-heal_your_heartUITests/Pods-heal_your_heart-heal_your_heartUITests-frameworks.sh\"\n";
			showEnvVarsInLog = 0;
		};
/* End PBXShellScriptBuildPhase section */

/* Begin PBXSourcesBuildPhase section */
		95C6BC4B25242340008B28AD /* Sources */ = {
			isa = PBXSourcesBuildPhase;
			buildActionMask = 2147483647;
			files = (
				95C6BCAA2524251A008B28AD /* PostViewController.swift in Sources */,
				954D2F2425243E0200405DEC /* SearchViewController.swift in Sources */,
				9533BE6F252C37D0005068DD /* ProfileViewController.swift in Sources */,
				95FA16352542C03B00E755D7 /* Notification.swift in Sources */,
				954D2F2925243E1700405DEC /* NotificationViewController.swift in Sources */,
				95D378062526EB2300D22385 /* Post.swift in Sources */,
				95F9961325273C27008FA3E5 /* NotificationTableViewCell.swift in Sources */,
				95D377FD2526E85800D22385 /* PostDetailViewController.swift in Sources */,
				953C373B254C03A60008DD7F /* EditViewController.swift in Sources */,
				958A5C402528859F00F87BB5 /* StorageManager.swift in Sources */,
				95C0231C252B0052006F536D /* LoginRegisterViewController.swift in Sources */,
				95C6BC5325242340008B28AD /* AppDelegate.swift in Sources */,
				958A5C3B2528858A00F87BB5 /* FirestoreManager.swift in Sources */,
				954D2F372524441B00405DEC /* Extensions.swift in Sources */,
				95C6BC5525242340008B28AD /* SceneDelegate.swift in Sources */,
				95FA162D2541675000E755D7 /* Like.swift in Sources */,
				9545219E2535D552005FB9B3 /* NoCommentTableViewCell.swift in Sources */,
				95D377F72526026E00D22385 /* PostTableViewCell.swift in Sources */,
				95F9960D25273949008FA3E5 /* Comment.swift in Sources */,
				95FA16282540575500E755D7 /* MyPostViewController.swift in Sources */,
				95C6BCA1252424F8008B28AD /* SettingsViewController.swift in Sources */,
				95FE2483252700DA00061EBA /* CommentTableViewCell.swift in Sources */,
				9554927C252C262B002C1EF2 /* Profile.swift in Sources */,
				954D2F092524283100405DEC /* TimelineViewController.swift in Sources */,
			);
			runOnlyForDeploymentPostprocessing = 0;
		};
		95C6BC6125242343008B28AD /* Sources */ = {
			isa = PBXSourcesBuildPhase;
			buildActionMask = 2147483647;
			files = (
				95C6BC6A25242343008B28AD /* heal_your_heartTests.swift in Sources */,
			);
			runOnlyForDeploymentPostprocessing = 0;
		};
		95C6BC6C25242343008B28AD /* Sources */ = {
			isa = PBXSourcesBuildPhase;
			buildActionMask = 2147483647;
			files = (
				95C6BC7525242343008B28AD /* heal_your_heartUITests.swift in Sources */,
			);
			runOnlyForDeploymentPostprocessing = 0;
		};
/* End PBXSourcesBuildPhase section */

/* Begin PBXTargetDependency section */
		95C6BC6725242343008B28AD /* PBXTargetDependency */ = {
			isa = PBXTargetDependency;
			target = 95C6BC4E25242340008B28AD /* heal_your_heart */;
			targetProxy = 95C6BC6625242343008B28AD /* PBXContainerItemProxy */;
		};
		95C6BC7225242343008B28AD /* PBXTargetDependency */ = {
			isa = PBXTargetDependency;
			target = 95C6BC4E25242340008B28AD /* heal_your_heart */;
			targetProxy = 95C6BC7125242343008B28AD /* PBXContainerItemProxy */;
		};
/* End PBXTargetDependency section */

/* Begin PBXVariantGroup section */
		95C6BC5825242340008B28AD /* Main.storyboard */ = {
			isa = PBXVariantGroup;
			children = (
				95C6BC5925242340008B28AD /* Base */,
			);
			name = Main.storyboard;
			sourceTree = "<group>";
		};
		95C6BC5D25242343008B28AD /* LaunchScreen.storyboard */ = {
			isa = PBXVariantGroup;
			children = (
				95C6BC5E25242343008B28AD /* Base */,
			);
			name = LaunchScreen.storyboard;
			sourceTree = "<group>";
		};
/* End PBXVariantGroup section */

/* Begin XCBuildConfiguration section */
		95C6BC7725242343008B28AD /* Debug */ = {
			isa = XCBuildConfiguration;
			buildSettings = {
				ALWAYS_SEARCH_USER_PATHS = NO;
				CLANG_ANALYZER_NONNULL = YES;
				CLANG_ANALYZER_NUMBER_OBJECT_CONVERSION = YES_AGGRESSIVE;
				CLANG_CXX_LANGUAGE_STANDARD = "gnu++14";
				CLANG_CXX_LIBRARY = "libc++";
				CLANG_ENABLE_MODULES = YES;
				CLANG_ENABLE_OBJC_ARC = YES;
				CLANG_ENABLE_OBJC_WEAK = YES;
				CLANG_WARN_BLOCK_CAPTURE_AUTORELEASING = YES;
				CLANG_WARN_BOOL_CONVERSION = YES;
				CLANG_WARN_COMMA = YES;
				CLANG_WARN_CONSTANT_CONVERSION = YES;
				CLANG_WARN_DEPRECATED_OBJC_IMPLEMENTATIONS = YES;
				CLANG_WARN_DIRECT_OBJC_ISA_USAGE = YES_ERROR;
				CLANG_WARN_DOCUMENTATION_COMMENTS = YES;
				CLANG_WARN_EMPTY_BODY = YES;
				CLANG_WARN_ENUM_CONVERSION = YES;
				CLANG_WARN_INFINITE_RECURSION = YES;
				CLANG_WARN_INT_CONVERSION = YES;
				CLANG_WARN_NON_LITERAL_NULL_CONVERSION = YES;
				CLANG_WARN_OBJC_IMPLICIT_RETAIN_SELF = YES;
				CLANG_WARN_OBJC_LITERAL_CONVERSION = YES;
				CLANG_WARN_OBJC_ROOT_CLASS = YES_ERROR;
				CLANG_WARN_QUOTED_INCLUDE_IN_FRAMEWORK_HEADER = YES;
				CLANG_WARN_RANGE_LOOP_ANALYSIS = YES;
				CLANG_WARN_STRICT_PROTOTYPES = YES;
				CLANG_WARN_SUSPICIOUS_MOVE = YES;
				CLANG_WARN_UNGUARDED_AVAILABILITY = YES_AGGRESSIVE;
				CLANG_WARN_UNREACHABLE_CODE = YES;
				CLANG_WARN__DUPLICATE_METHOD_MATCH = YES;
				COPY_PHASE_STRIP = NO;
				DEBUG_INFORMATION_FORMAT = dwarf;
				ENABLE_STRICT_OBJC_MSGSEND = YES;
				ENABLE_TESTABILITY = YES;
				GCC_C_LANGUAGE_STANDARD = gnu11;
				GCC_DYNAMIC_NO_PIC = NO;
				GCC_NO_COMMON_BLOCKS = YES;
				GCC_OPTIMIZATION_LEVEL = 0;
				GCC_PREPROCESSOR_DEFINITIONS = (
					"DEBUG=1",
					"$(inherited)",
				);
				GCC_WARN_64_TO_32_BIT_CONVERSION = YES;
				GCC_WARN_ABOUT_RETURN_TYPE = YES_ERROR;
				GCC_WARN_UNDECLARED_SELECTOR = YES;
				GCC_WARN_UNINITIALIZED_AUTOS = YES_AGGRESSIVE;
				GCC_WARN_UNUSED_FUNCTION = YES;
				GCC_WARN_UNUSED_VARIABLE = YES;
				IPHONEOS_DEPLOYMENT_TARGET = 14.0;
				MTL_ENABLE_DEBUG_INFO = INCLUDE_SOURCE;
				MTL_FAST_MATH = YES;
				ONLY_ACTIVE_ARCH = YES;
				SDKROOT = iphoneos;
				SWIFT_ACTIVE_COMPILATION_CONDITIONS = DEBUG;
				SWIFT_OPTIMIZATION_LEVEL = "-Onone";
			};
			name = Debug;
		};
		95C6BC7825242343008B28AD /* Release */ = {
			isa = XCBuildConfiguration;
			buildSettings = {
				ALWAYS_SEARCH_USER_PATHS = NO;
				CLANG_ANALYZER_NONNULL = YES;
				CLANG_ANALYZER_NUMBER_OBJECT_CONVERSION = YES_AGGRESSIVE;
				CLANG_CXX_LANGUAGE_STANDARD = "gnu++14";
				CLANG_CXX_LIBRARY = "libc++";
				CLANG_ENABLE_MODULES = YES;
				CLANG_ENABLE_OBJC_ARC = YES;
				CLANG_ENABLE_OBJC_WEAK = YES;
				CLANG_WARN_BLOCK_CAPTURE_AUTORELEASING = YES;
				CLANG_WARN_BOOL_CONVERSION = YES;
				CLANG_WARN_COMMA = YES;
				CLANG_WARN_CONSTANT_CONVERSION = YES;
				CLANG_WARN_DEPRECATED_OBJC_IMPLEMENTATIONS = YES;
				CLANG_WARN_DIRECT_OBJC_ISA_USAGE = YES_ERROR;
				CLANG_WARN_DOCUMENTATION_COMMENTS = YES;
				CLANG_WARN_EMPTY_BODY = YES;
				CLANG_WARN_ENUM_CONVERSION = YES;
				CLANG_WARN_INFINITE_RECURSION = YES;
				CLANG_WARN_INT_CONVERSION = YES;
				CLANG_WARN_NON_LITERAL_NULL_CONVERSION = YES;
				CLANG_WARN_OBJC_IMPLICIT_RETAIN_SELF = YES;
				CLANG_WARN_OBJC_LITERAL_CONVERSION = YES;
				CLANG_WARN_OBJC_ROOT_CLASS = YES_ERROR;
				CLANG_WARN_QUOTED_INCLUDE_IN_FRAMEWORK_HEADER = YES;
				CLANG_WARN_RANGE_LOOP_ANALYSIS = YES;
				CLANG_WARN_STRICT_PROTOTYPES = YES;
				CLANG_WARN_SUSPICIOUS_MOVE = YES;
				CLANG_WARN_UNGUARDED_AVAILABILITY = YES_AGGRESSIVE;
				CLANG_WARN_UNREACHABLE_CODE = YES;
				CLANG_WARN__DUPLICATE_METHOD_MATCH = YES;
				COPY_PHASE_STRIP = NO;
				DEBUG_INFORMATION_FORMAT = "dwarf-with-dsym";
				ENABLE_NS_ASSERTIONS = NO;
				ENABLE_STRICT_OBJC_MSGSEND = YES;
				GCC_C_LANGUAGE_STANDARD = gnu11;
				GCC_NO_COMMON_BLOCKS = YES;
				GCC_WARN_64_TO_32_BIT_CONVERSION = YES;
				GCC_WARN_ABOUT_RETURN_TYPE = YES_ERROR;
				GCC_WARN_UNDECLARED_SELECTOR = YES;
				GCC_WARN_UNINITIALIZED_AUTOS = YES_AGGRESSIVE;
				GCC_WARN_UNUSED_FUNCTION = YES;
				GCC_WARN_UNUSED_VARIABLE = YES;
				IPHONEOS_DEPLOYMENT_TARGET = 14.0;
				MTL_ENABLE_DEBUG_INFO = NO;
				MTL_FAST_MATH = YES;
				ONLY_ACTIVE_ARCH = YES;
				SDKROOT = iphoneos;
				SWIFT_COMPILATION_MODE = wholemodule;
				SWIFT_OPTIMIZATION_LEVEL = "-O";
				VALIDATE_PRODUCT = YES;
			};
			name = Release;
		};
		95C6BC7A25242343008B28AD /* Debug */ = {
			isa = XCBuildConfiguration;
			baseConfigurationReference = D8099404EF4F025CC733CE8B /* Pods-heal_your_heart.debug.xcconfig */;
			buildSettings = {
				ASSETCATALOG_COMPILER_APPICON_NAME = AppIcon;
				ASSETCATALOG_COMPILER_GLOBAL_ACCENT_COLOR_NAME = AccentColor;
				CODE_SIGN_STYLE = Automatic;
				DEVELOPMENT_TEAM = 7RFPAQ2NAA;
				INFOPLIST_FILE = heal_your_heart/Info.plist;
				LD_RUNPATH_SEARCH_PATHS = (
					"$(inherited)",
					"@executable_path/Frameworks",
				);
				PRODUCT_BUNDLE_IDENTIFIER = "com.shino.heal-your-heart";
				PRODUCT_NAME = "$(TARGET_NAME)";
				SWIFT_VERSION = 5.0;
				TARGETED_DEVICE_FAMILY = "1,2";
			};
			name = Debug;
		};
		95C6BC7B25242343008B28AD /* Release */ = {
			isa = XCBuildConfiguration;
			baseConfigurationReference = B3A2B7A3656E7F111AE6FB0A /* Pods-heal_your_heart.release.xcconfig */;
			buildSettings = {
				ASSETCATALOG_COMPILER_APPICON_NAME = AppIcon;
				ASSETCATALOG_COMPILER_GLOBAL_ACCENT_COLOR_NAME = AccentColor;
				CODE_SIGN_STYLE = Automatic;
				DEVELOPMENT_TEAM = 7RFPAQ2NAA;
				INFOPLIST_FILE = heal_your_heart/Info.plist;
				LD_RUNPATH_SEARCH_PATHS = (
					"$(inherited)",
					"@executable_path/Frameworks",
				);
				PRODUCT_BUNDLE_IDENTIFIER = "com.shino.heal-your-heart";
				PRODUCT_NAME = "$(TARGET_NAME)";
				SWIFT_VERSION = 5.0;
				TARGETED_DEVICE_FAMILY = "1,2";
			};
			name = Release;
		};
		95C6BC7D25242343008B28AD /* Debug */ = {
			isa = XCBuildConfiguration;
			baseConfigurationReference = A7EAA217CC9EA7002FA95967 /* Pods-heal_your_heartTests.debug.xcconfig */;
			buildSettings = {
				ALWAYS_EMBED_SWIFT_STANDARD_LIBRARIES = YES;
				BUNDLE_LOADER = "$(TEST_HOST)";
				CODE_SIGN_STYLE = Automatic;
				DEVELOPMENT_TEAM = 7RFPAQ2NAA;
				INFOPLIST_FILE = heal_your_heartTests/Info.plist;
				IPHONEOS_DEPLOYMENT_TARGET = 14.0;
				LD_RUNPATH_SEARCH_PATHS = (
					"$(inherited)",
					"@executable_path/Frameworks",
					"@loader_path/Frameworks",
				);
				PRODUCT_BUNDLE_IDENTIFIER = "com.shino.heal-your-heartTests";
				PRODUCT_NAME = "$(TARGET_NAME)";
				SWIFT_VERSION = 5.0;
				TARGETED_DEVICE_FAMILY = "1,2";
				TEST_HOST = "$(BUILT_PRODUCTS_DIR)/heal_your_heart.app/heal_your_heart";
			};
			name = Debug;
		};
		95C6BC7E25242343008B28AD /* Release */ = {
			isa = XCBuildConfiguration;
			baseConfigurationReference = DEB9A3CCCC22AFC007FFE3A3 /* Pods-heal_your_heartTests.release.xcconfig */;
			buildSettings = {
				ALWAYS_EMBED_SWIFT_STANDARD_LIBRARIES = YES;
				BUNDLE_LOADER = "$(TEST_HOST)";
				CODE_SIGN_STYLE = Automatic;
				DEVELOPMENT_TEAM = 7RFPAQ2NAA;
				INFOPLIST_FILE = heal_your_heartTests/Info.plist;
				IPHONEOS_DEPLOYMENT_TARGET = 14.0;
				LD_RUNPATH_SEARCH_PATHS = (
					"$(inherited)",
					"@executable_path/Frameworks",
					"@loader_path/Frameworks",
				);
				PRODUCT_BUNDLE_IDENTIFIER = "com.shino.heal-your-heartTests";
				PRODUCT_NAME = "$(TARGET_NAME)";
				SWIFT_VERSION = 5.0;
				TARGETED_DEVICE_FAMILY = "1,2";
				TEST_HOST = "$(BUILT_PRODUCTS_DIR)/heal_your_heart.app/heal_your_heart";
			};
			name = Release;
		};
		95C6BC8025242343008B28AD /* Debug */ = {
			isa = XCBuildConfiguration;
			baseConfigurationReference = E33582147D83E0B9D677D0B0 /* Pods-heal_your_heart-heal_your_heartUITests.debug.xcconfig */;
			buildSettings = {
				ALWAYS_EMBED_SWIFT_STANDARD_LIBRARIES = YES;
				CODE_SIGN_STYLE = Automatic;
				DEVELOPMENT_TEAM = 7RFPAQ2NAA;
				INFOPLIST_FILE = heal_your_heartUITests/Info.plist;
				LD_RUNPATH_SEARCH_PATHS = (
					"$(inherited)",
					"@executable_path/Frameworks",
					"@loader_path/Frameworks",
				);
				PRODUCT_BUNDLE_IDENTIFIER = "com.shino.heal-your-heartUITests";
				PRODUCT_NAME = "$(TARGET_NAME)";
				SWIFT_VERSION = 5.0;
				TARGETED_DEVICE_FAMILY = "1,2";
				TEST_TARGET_NAME = heal_your_heart;
			};
			name = Debug;
		};
		95C6BC8125242343008B28AD /* Release */ = {
			isa = XCBuildConfiguration;
			baseConfigurationReference = AC92670D8163C54EBC83D951 /* Pods-heal_your_heart-heal_your_heartUITests.release.xcconfig */;
			buildSettings = {
				ALWAYS_EMBED_SWIFT_STANDARD_LIBRARIES = YES;
				CODE_SIGN_STYLE = Automatic;
				DEVELOPMENT_TEAM = 7RFPAQ2NAA;
				INFOPLIST_FILE = heal_your_heartUITests/Info.plist;
				LD_RUNPATH_SEARCH_PATHS = (
					"$(inherited)",
					"@executable_path/Frameworks",
					"@loader_path/Frameworks",
				);
				PRODUCT_BUNDLE_IDENTIFIER = "com.shino.heal-your-heartUITests";
				PRODUCT_NAME = "$(TARGET_NAME)";
				SWIFT_VERSION = 5.0;
				TARGETED_DEVICE_FAMILY = "1,2";
				TEST_TARGET_NAME = heal_your_heart;
			};
			name = Release;
		};
/* End XCBuildConfiguration section */

/* Begin XCConfigurationList section */
		95C6BC4A25242340008B28AD /* Build configuration list for PBXProject "heal_your_heart" */ = {
			isa = XCConfigurationList;
			buildConfigurations = (
				95C6BC7725242343008B28AD /* Debug */,
				95C6BC7825242343008B28AD /* Release */,
			);
			defaultConfigurationIsVisible = 0;
			defaultConfigurationName = Release;
		};
		95C6BC7925242343008B28AD /* Build configuration list for PBXNativeTarget "heal_your_heart" */ = {
			isa = XCConfigurationList;
			buildConfigurations = (
				95C6BC7A25242343008B28AD /* Debug */,
				95C6BC7B25242343008B28AD /* Release */,
			);
			defaultConfigurationIsVisible = 0;
			defaultConfigurationName = Release;
		};
		95C6BC7C25242343008B28AD /* Build configuration list for PBXNativeTarget "heal_your_heartTests" */ = {
			isa = XCConfigurationList;
			buildConfigurations = (
				95C6BC7D25242343008B28AD /* Debug */,
				95C6BC7E25242343008B28AD /* Release */,
			);
			defaultConfigurationIsVisible = 0;
			defaultConfigurationName = Release;
		};
		95C6BC7F25242343008B28AD /* Build configuration list for PBXNativeTarget "heal_your_heartUITests" */ = {
			isa = XCConfigurationList;
			buildConfigurations = (
				95C6BC8025242343008B28AD /* Debug */,
				95C6BC8125242343008B28AD /* Release */,
			);
			defaultConfigurationIsVisible = 0;
			defaultConfigurationName = Release;
		};
/* End XCConfigurationList section */
	};
	rootObject = 95C6BC472524233F008B28AD /* Project object */;
}
